// !$*UTF8*$!
{
	archiveVersion = 1;
	classes = {
	};
	objectVersion = 46;
	objects = {

/* Begin PBXFileReference section */
		3322C129156B9D73006E4E7A /* CrowApp.cpp */ = {isa = PBXFileReference; lastKnownFileType = sourcecode.cpp.cpp; name = CrowApp.cpp; path = ../../Game/CrowApp.cpp; sourceTree = "<group>"; };
		3322C12A156B9D73006E4E7A /* CrowApp.h */ = {isa = PBXFileReference; lastKnownFileType = sourcecode.c.h; name = CrowApp.h; path = ../../Game/CrowApp.h; sourceTree = "<group>"; };
		3322C12B156B9D73006E4E7A /* CrowGame.cpp */ = {isa = PBXFileReference; lastKnownFileType = sourcecode.cpp.cpp; name = CrowGame.cpp; path = ../../Game/CrowGame.cpp; sourceTree = "<group>"; };
		3322C12C156B9D73006E4E7A /* CrowGame.h */ = {isa = PBXFileReference; lastKnownFileType = sourcecode.c.h; name = CrowGame.h; path = ../../Game/CrowGame.h; sourceTree = "<group>"; };
		3322C12E156B9D7A006E4E7A /* G_Exports.cpp */ = {isa = PBXFileReference; lastKnownFileType = sourcecode.cpp.cpp; path = G_Exports.cpp; sourceTree = "<group>"; };
		3322C12F156B9D7A006E4E7A /* G_Exports.h */ = {isa = PBXFileReference; lastKnownFileType = sourcecode.c.h; path = G_Exports.h; sourceTree = "<group>"; };
		3322C130156B9D7A006E4E7A /* G_OmenEnergy.cpp */ = {isa = PBXFileReference; lastKnownFileType = sourcecode.cpp.cpp; path = G_OmenEnergy.cpp; sourceTree = "<group>"; };
		3322C131156B9D7A006E4E7A /* G_OmenEnergy.h */ = {isa = PBXFileReference; lastKnownFileType = sourcecode.c.h; path = G_OmenEnergy.h; sourceTree = "<group>"; };
		3322C132156B9D7A006E4E7A /* G_ScreenPawn.cpp */ = {isa = PBXFileReference; lastKnownFileType = sourcecode.cpp.cpp; path = G_ScreenPawn.cpp; sourceTree = "<group>"; };
		3322C133156B9D7A006E4E7A /* G_ScreenPawn.h */ = {isa = PBXFileReference; lastKnownFileType = sourcecode.c.h; path = G_ScreenPawn.h; sourceTree = "<group>"; };
		3322C134156B9D7A006E4E7A /* G_ScreenProjectile.cpp */ = {isa = PBXFileReference; lastKnownFileType = sourcecode.cpp.cpp; path = G_ScreenProjectile.cpp; sourceTree = "<group>"; };
		3322C135156B9D7A006E4E7A /* G_ScreenProjectile.h */ = {isa = PBXFileReference; lastKnownFileType = sourcecode.c.h; path = G_ScreenProjectile.h; sourceTree = "<group>"; };
		3322C136156B9D7A006E4E7A /* G_ScreenView.cpp */ = {isa = PBXFileReference; lastKnownFileType = sourcecode.cpp.cpp; path = G_ScreenView.cpp; sourceTree = "<group>"; };
		3322C137156B9D7A006E4E7A /* G_ScreenView.h */ = {isa = PBXFileReference; lastKnownFileType = sourcecode.c.h; path = G_ScreenView.h; sourceTree = "<group>"; };
		3322C138156B9D7A006E4E7A /* G_Thwap.cpp */ = {isa = PBXFileReference; lastKnownFileType = sourcecode.cpp.cpp; path = G_Thwap.cpp; sourceTree = "<group>"; };
		3322C139156B9D7A006E4E7A /* G_Thwap.h */ = {isa = PBXFileReference; lastKnownFileType = sourcecode.c.h; path = G_Thwap.h; sourceTree = "<group>"; };
		3322C13A156B9D7A006E4E7A /* G_ViewController.cpp */ = {isa = PBXFileReference; lastKnownFileType = sourcecode.cpp.cpp; path = G_ViewController.cpp; sourceTree = "<group>"; };
		3322C13B156B9D7A006E4E7A /* G_ViewController.h */ = {isa = PBXFileReference; lastKnownFileType = sourcecode.c.h; path = G_ViewController.h; sourceTree = "<group>"; };
		3322C13D156B9D7A006E4E7A /* G_SkModel.cpp */ = {isa = PBXFileReference; lastKnownFileType = sourcecode.cpp.cpp; path = G_SkModel.cpp; sourceTree = "<group>"; };
		3322C13E156B9D7A006E4E7A /* G_SkModel.h */ = {isa = PBXFileReference; lastKnownFileType = sourcecode.c.h; path = G_SkModel.h; sourceTree = "<group>"; };
		3322C140156B9D7A006E4E7A /* Info.plist */ = {isa = PBXFileReference; lastKnownFileType = text.plist.xml; path = Info.plist; sourceTree = "<group>"; };
		3322C141156B9D7F006E4E7A /* SConstruct */ = {isa = PBXFileReference; lastKnownFileType = text; name = SConstruct; path = ../../Game/SConstruct; sourceTree = "<group>"; };
		3322C142156B9E71006E4E7A /* Radiance.xcodeproj */ = {isa = PBXFileReference; lastKnownFileType = "wrapper.pb-project"; name = Radiance.xcodeproj; path = ../../../Radiance/Source/XCode/OSX/Radiance.xcodeproj; sourceTree = "<group>"; };
/* End PBXFileReference section */

/* Begin PBXGroup section */
		3322C0EB156B998E006E4E7A = {
			isa = PBXGroup;
			children = (
				3322C142156B9E71006E4E7A /* Radiance.xcodeproj */,
				3322C107156B9B99006E4E7A /* Source */,
			);
			sourceTree = "<group>";
		};
		3322C107156B9B99006E4E7A /* Source */ = {
			isa = PBXGroup;
			children = (
				3322C12D156B9D7A006E4E7A /* Entities */,
				3322C13C156B9D7A006E4E7A /* Lua */,
				3322C13F156B9D7A006E4E7A /* OSX */,
				3322C129156B9D73006E4E7A /* CrowApp.cpp */,
				3322C12A156B9D73006E4E7A /* CrowApp.h */,
				3322C12B156B9D73006E4E7A /* CrowGame.cpp */,
				3322C12C156B9D73006E4E7A /* CrowGame.h */,
				3322C141156B9D7F006E4E7A /* SConstruct */,
			);
			name = Source;
			sourceTree = "<group>";
		};
		3322C12D156B9D7A006E4E7A /* Entities */ = {
			isa = PBXGroup;
			children = (
				3322C12E156B9D7A006E4E7A /* G_Exports.cpp */,
				3322C12F156B9D7A006E4E7A /* G_Exports.h */,
				3322C130156B9D7A006E4E7A /* G_OmenEnergy.cpp */,
				3322C131156B9D7A006E4E7A /* G_OmenEnergy.h */,
				3322C132156B9D7A006E4E7A /* G_ScreenPawn.cpp */,
				3322C133156B9D7A006E4E7A /* G_ScreenPawn.h */,
				3322C134156B9D7A006E4E7A /* G_ScreenProjectile.cpp */,
				3322C135156B9D7A006E4E7A /* G_ScreenProjectile.h */,
				3322C136156B9D7A006E4E7A /* G_ScreenView.cpp */,
				3322C137156B9D7A006E4E7A /* G_ScreenView.h */,
				3322C138156B9D7A006E4E7A /* G_Thwap.cpp */,
				3322C139156B9D7A006E4E7A /* G_Thwap.h */,
				3322C13A156B9D7A006E4E7A /* G_ViewController.cpp */,
				3322C13B156B9D7A006E4E7A /* G_ViewController.h */,
			);
			name = Entities;
			path = ../../Game/Entities;
			sourceTree = "<group>";
		};
		3322C13C156B9D7A006E4E7A /* Lua */ = {
			isa = PBXGroup;
			children = (
				3322C13D156B9D7A006E4E7A /* G_SkModel.cpp */,
				3322C13E156B9D7A006E4E7A /* G_SkModel.h */,
			);
			name = Lua;
			path = ../../Game/Lua;
			sourceTree = "<group>";
		};
		3322C13F156B9D7A006E4E7A /* OSX */ = {
			isa = PBXGroup;
			children = (
				3322C140156B9D7A006E4E7A /* Info.plist */,
			);
			name = OSX;
			path = ../../Game/OSX;
			sourceTree = "<group>";
		};
		3322C143156B9E71006E4E7A /* Products */ = {
			isa = PBXGroup;
			children = (
			);
			name = Products;
			sourceTree = "<group>";
		};
/* End PBXGroup section */

/* Begin PBXLegacyTarget section */
		3322C0F2156B998E006E4E7A /* Crow */ = {
			isa = PBXLegacyTarget;
			buildArgumentsString = "$(SCONS_ACTION)";
			buildConfigurationList = 3322C0F5156B998E006E4E7A /* Build configuration list for PBXLegacyTarget "Crow" */;
			buildPhases = (
			);
			buildToolPath = /usr/local/bin/scons;
			buildWorkingDirectory = /Users/joeriedel/Desktop/Crow;
			dependencies = (
			);
			name = Crow;
			passBuildSettingsInEnvironment = 1;
			productName = Crow;
		};
/* End PBXLegacyTarget section */

/* Begin PBXProject section */
		3322C0ED156B998E006E4E7A /* Project object */ = {
			isa = PBXProject;
			attributes = {
				LastUpgradeCheck = 0430;
			};
			buildConfigurationList = 3322C0F0156B998E006E4E7A /* Build configuration list for PBXProject "Crow" */;
			compatibilityVersion = "Xcode 3.2";
			developmentRegion = English;
			hasScannedForEncodings = 0;
			knownRegions = (
				en,
			);
			mainGroup = 3322C0EB156B998E006E4E7A;
			projectDirPath = "";
			projectReferences = (
				{
					ProductGroup = 3322C143156B9E71006E4E7A /* Products */;
					ProjectRef = 3322C142156B9E71006E4E7A /* Radiance.xcodeproj */;
				},
			);
			projectRoot = "";
			targets = (
				3322C0F2156B998E006E4E7A /* Crow */,
			);
		};
/* End PBXProject section */

/* Begin XCBuildConfiguration section */
		3322C0F3156B998E006E4E7A /* Debug */ = {
			isa = XCBuildConfiguration;
			buildSettings = {
				ALWAYS_SEARCH_USER_PATHS = NO;
				ARCHS = "$(ARCHS_STANDARD_32_BIT)";
				COPY_PHASE_STRIP = NO;
				GCC_C_LANGUAGE_STANDARD = gnu99;
				GCC_DYNAMIC_NO_PIC = NO;
				GCC_ENABLE_OBJC_EXCEPTIONS = YES;
				GCC_OPTIMIZATION_LEVEL = 0;
				GCC_PREPROCESSOR_DEFINITIONS = (
					"DEBUG=1",
					"$(inherited)",
				);
				GCC_SYMBOLS_PRIVATE_EXTERN = NO;
				GCC_VERSION = com.apple.compilers.llvm.clang.1_0;
				GCC_WARN_64_TO_32_BIT_CONVERSION = YES;
				GCC_WARN_ABOUT_RETURN_TYPE = YES;
				GCC_WARN_UNINITIALIZED_AUTOS = YES;
				GCC_WARN_UNUSED_VARIABLE = YES;
				MACOSX_DEPLOYMENT_TARGET = 10.7;
				ONLY_ACTIVE_ARCH = YES;
				SDKROOT = macosx;
			};
			name = Debug;
		};
		3322C0F4156B998E006E4E7A /* Release */ = {
			isa = XCBuildConfiguration;
			buildSettings = {
				ALWAYS_SEARCH_USER_PATHS = NO;
				ARCHS = "$(ARCHS_STANDARD_32_BIT)";
				COPY_PHASE_STRIP = YES;
				DEBUG_INFORMATION_FORMAT = "dwarf-with-dsym";
				GCC_C_LANGUAGE_STANDARD = gnu99;
				GCC_ENABLE_OBJC_EXCEPTIONS = YES;
				GCC_VERSION = com.apple.compilers.llvm.clang.1_0;
				GCC_WARN_64_TO_32_BIT_CONVERSION = YES;
				GCC_WARN_ABOUT_RETURN_TYPE = YES;
				GCC_WARN_UNINITIALIZED_AUTOS = YES;
				GCC_WARN_UNUSED_VARIABLE = YES;
				MACOSX_DEPLOYMENT_TARGET = 10.7;
				SDKROOT = macosx;
			};
			name = Release;
		};
		3322C0F6156B998E006E4E7A /* Debug */ = {
			isa = XCBuildConfiguration;
			buildSettings = {
				DEBUGGING_SYMBOLS = YES;
				GCC_GENERATE_DEBUGGING_SYMBOLS = YES;
				GCC_OPTIMIZATION_LEVEL = 0;
				OTHER_CFLAGS = "";
				OTHER_LDFLAGS = "";
				PRODUCT_NAME = "$(TARGET_NAME)";
				SCONS_ACTION = "";
				"SCONS_ACTION[arch=*]" = "--nounittests --nocom -j 4";
				SDKROOT = macosx;
			};
			name = Debug;
		};
		3322C0F7156B998E006E4E7A /* Release */ = {
			isa = XCBuildConfiguration;
			buildSettings = {
				OTHER_CFLAGS = "";
				OTHER_LDFLAGS = "";
				PRODUCT_NAME = "$(TARGET_NAME)";
				SCONS_ACTION = "";
				SDKROOT = macosx;
			};
			name = Release;
		};
/* End XCBuildConfiguration section */

/* Begin XCConfigurationList section */
		3322C0F0156B998E006E4E7A /* Build configuration list for PBXProject "Crow" */ = {
			isa = XCConfigurationList;
			buildConfigurations = (
				3322C0F3156B998E006E4E7A /* Debug */,
				3322C0F4156B998E006E4E7A /* Release */,
			);
			defaultConfigurationIsVisible = 0;
			defaultConfigurationName = Release;
		};
		3322C0F5156B998E006E4E7A /* Build configuration list for PBXLegacyTarget "Crow" */ = {
			isa = XCConfigurationList;
			buildConfigurations = (
				3322C0F6156B998E006E4E7A /* Debug */,
				3322C0F7156B998E006E4E7A /* Release */,
			);
			defaultConfigurationIsVisible = 0;
			defaultConfigurationName = Release;
		};
/* End XCConfigurationList section */
	};
	rootObject = 3322C0ED156B998E006E4E7A /* Project object */;
}
