// !$*UTF8*$!
{
	archiveVersion = 1;
	classes = {
	};
	objectVersion = 45;
	objects = {

/* Begin PBXFileReference section */
		335522731299FD4300AA9C93 /* CrowApp.cpp */ = {isa = PBXFileReference; fileEncoding = 4; lastKnownFileType = sourcecode.cpp.cpp; name = CrowApp.cpp; path = ../../Game/CrowApp.cpp; sourceTree = SOURCE_ROOT; };
		335522741299FD4300AA9C93 /* CrowApp.h */ = {isa = PBXFileReference; fileEncoding = 4; lastKnownFileType = sourcecode.c.h; name = CrowApp.h; path = ../../Game/CrowApp.h; sourceTree = SOURCE_ROOT; };
		335522751299FD4300AA9C93 /* CrowGame.cpp */ = {isa = PBXFileReference; fileEncoding = 4; lastKnownFileType = sourcecode.cpp.cpp; name = CrowGame.cpp; path = ../../Game/CrowGame.cpp; sourceTree = SOURCE_ROOT; };
		335522761299FD4300AA9C93 /* CrowGame.h */ = {isa = PBXFileReference; fileEncoding = 4; lastKnownFileType = sourcecode.c.h; name = CrowGame.h; path = ../../Game/CrowGame.h; sourceTree = SOURCE_ROOT; };
		335522781299FD4300AA9C93 /* G_Exports.cpp */ = {isa = PBXFileReference; fileEncoding = 4; lastKnownFileType = sourcecode.cpp.cpp; path = G_Exports.cpp; sourceTree = "<group>"; };
		335522791299FD4300AA9C93 /* G_Exports.h */ = {isa = PBXFileReference; fileEncoding = 4; lastKnownFileType = sourcecode.c.h; path = G_Exports.h; sourceTree = "<group>"; };
		3355227A1299FD4300AA9C93 /* G_PlayerPawn.cpp */ = {isa = PBXFileReference; fileEncoding = 4; lastKnownFileType = sourcecode.cpp.cpp; path = G_PlayerPawn.cpp; sourceTree = "<group>"; };
		3355227B1299FD4300AA9C93 /* G_PlayerPawn.h */ = {isa = PBXFileReference; fileEncoding = 4; lastKnownFileType = sourcecode.c.h; path = G_PlayerPawn.h; sourceTree = "<group>"; };
		3355227C1299FD4300AA9C93 /* G_ViewController.cpp */ = {isa = PBXFileReference; fileEncoding = 4; lastKnownFileType = sourcecode.cpp.cpp; path = G_ViewController.cpp; sourceTree = "<group>"; };
		3355227D1299FD4300AA9C93 /* G_ViewController.h */ = {isa = PBXFileReference; fileEncoding = 4; lastKnownFileType = sourcecode.c.h; path = G_ViewController.h; sourceTree = "<group>"; };
		3355227E1299FD4300AA9C93 /* G_Worldspawn.cpp */ = {isa = PBXFileReference; fileEncoding = 4; lastKnownFileType = sourcecode.cpp.cpp; path = G_Worldspawn.cpp; sourceTree = "<group>"; };
		3355227F1299FD4300AA9C93 /* G_Worldspawn.h */ = {isa = PBXFileReference; fileEncoding = 4; lastKnownFileType = sourcecode.c.h; path = G_Worldspawn.h; sourceTree = "<group>"; };
		335522801299FD4300AA9C93 /* SConstruct */ = {isa = PBXFileReference; fileEncoding = 4; lastKnownFileType = text; name = SConstruct; path = ../../Game/SConstruct; sourceTree = SOURCE_ROOT; };
		335522811299FD5A00AA9C93 /* Radiance.xcodeproj */ = {isa = PBXFileReference; lastKnownFileType = "wrapper.pb-project"; name = Radiance.xcodeproj; path = ../../../Radiance/Source/XCode/Radiance.xcodeproj; sourceTree = SOURCE_ROOT; };
		33ECF043129A2805006996C1 /* Info.plist */ = {isa = PBXFileReference; fileEncoding = 4; lastKnownFileType = text.plist.xml; path = Info.plist; sourceTree = "<group>"; };
/* End PBXFileReference section */

/* Begin PBXGroup section */
		08FB7794FE84155DC02AAC07 /* Balance */ = {
			isa = PBXGroup;
			children = (
				33ECF042129A2805006996C1 /* OSX */,
				335522811299FD5A00AA9C93 /* Radiance.xcodeproj */,
				335522731299FD4300AA9C93 /* CrowApp.cpp */,
				335522741299FD4300AA9C93 /* CrowApp.h */,
				335522751299FD4300AA9C93 /* CrowGame.cpp */,
				335522761299FD4300AA9C93 /* CrowGame.h */,
				335522771299FD4300AA9C93 /* Entities */,
				335522801299FD4300AA9C93 /* SConstruct */,
				330C5E23122EC03100E06694 /* Products */,
			);
			name = Balance;
			sourceTree = "<group>";
		};
		330C5E23122EC03100E06694 /* Products */ = {
			isa = PBXGroup;
			children = (
			);
			name = Products;
			sourceTree = "<group>";
		};
		335522771299FD4300AA9C93 /* Entities */ = {
			isa = PBXGroup;
			children = (
				335522781299FD4300AA9C93 /* G_Exports.cpp */,
				335522791299FD4300AA9C93 /* G_Exports.h */,
				3355227A1299FD4300AA9C93 /* G_PlayerPawn.cpp */,
				3355227B1299FD4300AA9C93 /* G_PlayerPawn.h */,
				3355227C1299FD4300AA9C93 /* G_ViewController.cpp */,
				3355227D1299FD4300AA9C93 /* G_ViewController.h */,
				3355227E1299FD4300AA9C93 /* G_Worldspawn.cpp */,
				3355227F1299FD4300AA9C93 /* G_Worldspawn.h */,
			);
			name = Entities;
			path = ../../Game/Entities;
			sourceTree = SOURCE_ROOT;
		};
		335522821299FD5A00AA9C93 /* Products */ = {
			isa = PBXGroup;
			children = (
			);
			name = Products;
			sourceTree = "<group>";
		};
		33ECF042129A2805006996C1 /* OSX */ = {
			isa = PBXGroup;
			children = (
				33ECF043129A2805006996C1 /* Info.plist */,
			);
			name = OSX;
			path = ../../Game/OSX;
			sourceTree = SOURCE_ROOT;
		};
/* End PBXGroup section */

/* Begin PBXLegacyTarget section */
		D28A88AD04BDD90700651E21 /* CrowOSX */ = {
			isa = PBXLegacyTarget;
			buildArgumentsString = "$(ACTION) $(SCONS_OPTS)";
			buildConfigurationList = 1DEB918F08733D9F0010E9CD /* Build configuration list for PBXLegacyTarget "CrowOSX" */;
			buildPhases = (
			);
			buildToolPath = /usr/local/bin/scons;
			buildWorkingDirectory = ../../;
			dependencies = (
			);
			name = CrowOSX;
			passBuildSettingsInEnvironment = 1;
			productName = Balance;
		};
/* End PBXLegacyTarget section */

/* Begin PBXProject section */
		08FB7793FE84155DC02AAC07 /* Project object */ = {
			isa = PBXProject;
			buildConfigurationList = 1DEB919308733D9F0010E9CD /* Build configuration list for PBXProject "Crow" */;
			compatibilityVersion = "Xcode 3.1";
			hasScannedForEncodings = 1;
			mainGroup = 08FB7794FE84155DC02AAC07 /* Balance */;
			productRefGroup = 330C5E23122EC03100E06694 /* Products */;
			projectDirPath = "";
			projectReferences = (
				{
					ProductGroup = 335522821299FD5A00AA9C93 /* Products */;
					ProjectRef = 335522811299FD5A00AA9C93 /* Radiance.xcodeproj */;
				},
			);
			projectRoot = "";
			targets = (
				D28A88AD04BDD90700651E21 /* CrowOSX */,
			);
		};
/* End PBXProject section */

/* Begin XCBuildConfiguration section */
		1DEB919008733D9F0010E9CD /* Debug */ = {
			isa = XCBuildConfiguration;
			buildSettings = {
				COPY_PHASE_STRIP = NO;
				DEBUGGING_SYMBOLS = YES;
				GCC_DYNAMIC_NO_PIC = NO;
				GCC_ENABLE_FIX_AND_CONTINUE = YES;
				GCC_GENERATE_DEBUGGING_SYMBOLS = YES;
				GCC_OPTIMIZATION_LEVEL = 0;
				OTHER_CFLAGS = "";
				OTHER_LDFLAGS = "";
				PRODUCT_NAME = Crow;
				SCONS_OPTS = "-j 2";
			};
			name = Debug;
		};
		1DEB919108733D9F0010E9CD /* Developer */ = {
			isa = XCBuildConfiguration;
			buildSettings = {
				COPY_PHASE_STRIP = YES;
				GCC_ENABLE_FIX_AND_CONTINUE = NO;
				OTHER_CFLAGS = "";
				OTHER_LDFLAGS = "";
				PRODUCT_NAME = Balance;
				SCONS_OPTS = "\U0001--developer -j 2";
			};
			name = Developer;
		};
		1DEB919408733D9F0010E9CD /* Debug */ = {
			isa = XCBuildConfiguration;
			buildSettings = {
				ARCHS = "$(ARCHS_STANDARD_32_BIT)";
				GCC_WARN_ABOUT_RETURN_TYPE = YES;
				GCC_WARN_UNUSED_VARIABLE = YES;
				ONLY_ACTIVE_ARCH = YES;
				PREBINDING = NO;
				SDKROOT = macosx10.6;
			};
			name = Debug;
		};
		1DEB919508733D9F0010E9CD /* Developer */ = {
			isa = XCBuildConfiguration;
			buildSettings = {
				ARCHS = "$(ARCHS_STANDARD_32_BIT)";
				GCC_WARN_ABOUT_RETURN_TYPE = YES;
				GCC_WARN_UNUSED_VARIABLE = YES;
				PREBINDING = NO;
				SDKROOT = macosx10.6;
			};
			name = Developer;
		};
/* End XCBuildConfiguration section */

/* Begin XCConfigurationList section */
		1DEB918F08733D9F0010E9CD /* Build configuration list for PBXLegacyTarget "CrowOSX" */ = {
			isa = XCConfigurationList;
			buildConfigurations = (
				1DEB919008733D9F0010E9CD /* Debug */,
				1DEB919108733D9F0010E9CD /* Developer */,
			);
			defaultConfigurationIsVisible = 0;
			defaultConfigurationName = Developer;
		};
		1DEB919308733D9F0010E9CD /* Build configuration list for PBXProject "Crow" */ = {
			isa = XCConfigurationList;
			buildConfigurations = (
				1DEB919408733D9F0010E9CD /* Debug */,
				1DEB919508733D9F0010E9CD /* Developer */,
			);
			defaultConfigurationIsVisible = 0;
			defaultConfigurationName = Developer;
		};
/* End XCConfigurationList section */
	};
	rootObject = 08FB7793FE84155DC02AAC07 /* Project object */;
}
