<?xml version="1.0" encoding="utf-8"?>
<Project ToolsVersion="4.0" xmlns="http://schemas.microsoft.com/developer/msbuild/2003">
  <ItemGroup>
    <Filter Include="Source Files">
      <UniqueIdentifier>{3571b9a8-cc5f-4994-8f27-c4c10f1bcc49}</UniqueIdentifier>
    </Filter>
    <Filter Include="Resource Files">
      <UniqueIdentifier>{fd20ca34-e2b9-48e2-9c5d-253919ac6612}</UniqueIdentifier>
      <Extensions>ico;cur;bmp;dlg;rc2;rct;bin;rgs;gif;jpg;jpeg;jpe</Extensions>
    </Filter>
    <Filter Include="SDK">
      <UniqueIdentifier>{f4860cb5-4664-4254-81af-e5afede1667d}</UniqueIdentifier>
    </Filter>
  </ItemGroup>
  <ItemGroup>
    <ClCompile Include="AutoCompleteComboBox.cpp">
      <Filter>Source Files</Filter>
    </ClCompile>
    <ClCompile Include="c_tokenizer.cpp">
      <Filter>Source Files</Filter>
    </ClCompile>
    <ClCompile Include="CheckMapDialog.cpp">
      <Filter>Source Files</Filter>
    </ClCompile>
    <ClCompile Include="ChildFrm.cpp">
      <Filter>Source Files</Filter>
    </ClCompile>
    <ClCompile Include="ChooseGameType.cpp">
      <Filter>Source Files</Filter>
    </ClCompile>
    <ClCompile Include="ColorStatic.cpp">
      <Filter>Source Files</Filter>
    </ClCompile>
    <ClCompile Include="CompileOptionsDialog.cpp">
      <Filter>Source Files</Filter>
    </ClCompile>
    <ClCompile Include="ConsoleDialog.cpp">
      <Filter>Source Files</Filter>
    </ClCompile>
    <ClCompile Include="ConsoleEdit.cpp">
      <Filter>Source Files</Filter>
    </ClCompile>
    <ClCompile Include="dib24.cpp">
      <Filter>Source Files</Filter>
    </ClCompile>
    <ClCompile Include="ents.cpp">
      <Filter>Source Files</Filter>
    </ClCompile>
    <ClCompile Include="files.cpp">
      <Filter>Source Files</Filter>
    </ClCompile>
    <ClCompile Include="FilterEdit.cpp">
      <Filter>Source Files</Filter>
    </ClCompile>
    <ClCompile Include="InputLineDialog.cpp">
      <Filter>Source Files</Filter>
    </ClCompile>
    <ClCompile Include="KeyframeDialog.cpp">
      <Filter>Source Files</Filter>
    </ClCompile>
    <ClCompile Include="KeyValueDialog.cpp">
      <Filter>Source Files</Filter>
    </ClCompile>
    <ClCompile Include="MainFrm.cpp">
      <Filter>Source Files</Filter>
    </ClCompile>
    <ClCompile Include="map_build.cpp">
      <Filter>Source Files</Filter>
    </ClCompile>
    <ClCompile Include="mapfile.cpp">
      <Filter>Source Files</Filter>
    </ClCompile>
    <ClCompile Include="MapView.cpp">
      <Filter>Source Files</Filter>
    </ClCompile>
    <ClCompile Include="Math3D.cpp">
      <Filter>Source Files</Filter>
    </ClCompile>
    <ClCompile Include="MaxScene.cpp">
      <Filter>Source Files</Filter>
    </ClCompile>
    <ClCompile Include="ObjectCreatorTree.cpp">
      <Filter>Source Files</Filter>
    </ClCompile>
    <ClCompile Include="ObjectPropertiesDialog.cpp">
      <Filter>Source Files</Filter>
    </ClCompile>
    <ClCompile Include="ObjGroupTree.cpp">
      <Filter>Source Files</Filter>
    </ClCompile>
    <ClCompile Include="ObjPropView.cpp">
      <Filter>Source Files</Filter>
    </ClCompile>
    <ClCompile Include="os.cpp">
      <Filter>Source Files</Filter>
    </ClCompile>
    <ClCompile Include="r_cubemap.cpp">
      <Filter>Source Files</Filter>
    </ClCompile>
    <ClCompile Include="r_gl.cpp">
      <Filter>Source Files</Filter>
    </ClCompile>
    <ClCompile Include="r_os_win32.cpp">
      <Filter>Source Files</Filter>
    </ClCompile>
    <ClCompile Include="r_sys.cpp">
      <Filter>Source Files</Filter>
    </ClCompile>
    <ClCompile Include="RealtimeColorDialog.cpp">
      <Filter>Source Files</Filter>
    </ClCompile>
    <ClCompile Include="ScriptDialog.cpp">
      <Filter>Source Files</Filter>
    </ClCompile>
    <ClCompile Include="ScriptKeyframeDialog.cpp">
      <Filter>Source Files</Filter>
    </ClCompile>
    <ClCompile Include="SelDrag3D_Manipulator.cpp">
      <Filter>Source Files</Filter>
    </ClCompile>
    <ClCompile Include="SelectGameBuildDialog.cpp">
      <Filter>Source Files</Filter>
    </ClCompile>
    <ClCompile Include="SelScale3D_Manipulator.cpp">
      <Filter>Source Files</Filter>
    </ClCompile>
    <ClCompile Include="SelScale_Manipulator.cpp">
      <Filter>Source Files</Filter>
    </ClCompile>
    <ClCompile Include="splinetrack.cpp">
      <Filter>Source Files</Filter>
    </ClCompile>
    <ClCompile Include="StatusBarWithProgress.cpp">
      <Filter>Source Files</Filter>
    </ClCompile>
    <ClCompile Include="StdAfx.cpp">
      <Filter>Source Files</Filter>
    </ClCompile>
    <ClCompile Include="System.cpp">
      <Filter>Source Files</Filter>
    </ClCompile>
    <ClCompile Include="texcache.cpp">
      <Filter>Source Files</Filter>
    </ClCompile>
    <ClCompile Include="TrackAnimDialog.cpp">
      <Filter>Source Files</Filter>
    </ClCompile>
    <ClCompile Include="Tread.cpp">
      <Filter>Source Files</Filter>
    </ClCompile>
    <ClCompile Include="TreadDoc.cpp">
      <Filter>Source Files</Filter>
    </ClCompile>
    <ClCompile Include="TreadView.cpp">
      <Filter>Source Files</Filter>
    </ClCompile>
    <ClCompile Include="util.cpp">
      <Filter>Source Files</Filter>
    </ClCompile>
    <ClCompile Include="Vec3d_Manipulator.cpp">
      <Filter>Source Files</Filter>
    </ClCompile>
  </ItemGroup>
  <ItemGroup>
    <ClInclude Include="AutoCompleteComboBox.h">
      <Filter>Source Files</Filter>
    </ClInclude>
    <ClInclude Include="CheckMapDialog.h">
      <Filter>Source Files</Filter>
    </ClInclude>
    <ClInclude Include="ChildFrm.h">
      <Filter>Source Files</Filter>
    </ClInclude>
    <ClInclude Include="ChooseGameType.h">
      <Filter>Source Files</Filter>
    </ClInclude>
    <ClInclude Include="ColorStatic.h">
      <Filter>Source Files</Filter>
    </ClInclude>
    <ClInclude Include="CompileOptionsDialog.h">
      <Filter>Source Files</Filter>
    </ClInclude>
    <ClInclude Include="ConsoleDialog.h">
      <Filter>Source Files</Filter>
    </ClInclude>
    <ClInclude Include="ConsoleEdit.h">
      <Filter>Source Files</Filter>
    </ClInclude>
    <ClInclude Include="dib24.h">
      <Filter>Source Files</Filter>
    </ClInclude>
    <ClInclude Include="files.h">
      <Filter>Source Files</Filter>
    </ClInclude>
    <ClInclude Include="gluint.h">
      <Filter>Source Files</Filter>
    </ClInclude>
    <ClInclude Include="gluos.h">
      <Filter>Source Files</Filter>
    </ClInclude>
    <ClInclude Include="KeyframeDialog.h">
      <Filter>Source Files</Filter>
    </ClInclude>
    <ClInclude Include="KeyValueDialog.h">
      <Filter>Source Files</Filter>
    </ClInclude>
    <ClInclude Include="lss.h">
      <Filter>Source Files</Filter>
    </ClInclude>
    <ClInclude Include="MainFrm.h">
      <Filter>Source Files</Filter>
    </ClInclude>
    <ClInclude Include="MaxScene.h">
      <Filter>Source Files</Filter>
    </ClInclude>
    <ClInclude Include="ObjectCreatorTree.h">
      <Filter>Source Files</Filter>
    </ClInclude>
    <ClInclude Include="ObjectPropertiesDialog.h">
      <Filter>Source Files</Filter>
    </ClInclude>
    <ClInclude Include="ObjGroupTree.h">
      <Filter>Source Files</Filter>
    </ClInclude>
    <ClInclude Include="ObjPropView.h">
      <Filter>Source Files</Filter>
    </ClInclude>
    <ClInclude Include="r_cubemap.h">
      <Filter>Source Files</Filter>
    </ClInclude>
    <ClInclude Include="RealtimeColorDialog.h">
      <Filter>Source Files</Filter>
    </ClInclude>
    <ClInclude Include="Resource.h">
      <Filter>Source Files</Filter>
    </ClInclude>
    <ClInclude Include="ScriptDialog.h">
      <Filter>Source Files</Filter>
    </ClInclude>
    <ClInclude Include="ScriptKeyframeDialog.h">
      <Filter>Source Files</Filter>
    </ClInclude>
    <ClInclude Include="SelDrag3D_Manipulator.h">
      <Filter>Source Files</Filter>
    </ClInclude>
    <ClInclude Include="SelectGameBuildDialog.h">
      <Filter>Source Files</Filter>
    </ClInclude>
    <ClInclude Include="SelScale3D_Manipulator.h">
      <Filter>Source Files</Filter>
    </ClInclude>
    <ClInclude Include="SelScale_Manipulator.h">
      <Filter>Source Files</Filter>
    </ClInclude>
    <ClInclude Include="StatusBarWithProgress.h">
      <Filter>Source Files</Filter>
    </ClInclude>
    <ClInclude Include="StdAfx.h">
      <Filter>Source Files</Filter>
    </ClInclude>
    <ClInclude Include="texcache.h">
      <Filter>Source Files</Filter>
    </ClInclude>
    <ClInclude Include="TrackAnimDialog.h">
      <Filter>Source Files</Filter>
    </ClInclude>
    <ClInclude Include="Tread.h">
      <Filter>Source Files</Filter>
    </ClInclude>
    <ClInclude Include="TreadView.h">
      <Filter>Source Files</Filter>
    </ClInclude>
    <ClInclude Include="util.h">
      <Filter>Source Files</Filter>
    </ClInclude>
    <ClInclude Include="sdk\burger.h">
      <Filter>SDK</Filter>
    </ClInclude>
    <ClInclude Include="sdk\c_tokenizer.h">
      <Filter>SDK</Filter>
    </ClInclude>
    <ClInclude Include="sdk\ents.h">
      <Filter>SDK</Filter>
    </ClInclude>
    <ClInclude Include="sdk\FilterEdit.h">
      <Filter>SDK</Filter>
    </ClInclude>
    <ClInclude Include="sdk\InputLineDialog.h">
      <Filter>SDK</Filter>
    </ClInclude>
    <ClInclude Include="sdk\LinkedList.h">
      <Filter>SDK</Filter>
    </ClInclude>
    <ClInclude Include="sdk\map_build.h">
      <Filter>SDK</Filter>
    </ClInclude>
    <ClInclude Include="sdk\mapfile.h">
      <Filter>SDK</Filter>
    </ClInclude>
    <ClInclude Include="sdk\MapView.h">
      <Filter>SDK</Filter>
    </ClInclude>
    <ClInclude Include="sdk\Math3D.h">
      <Filter>SDK</Filter>
    </ClInclude>
    <ClInclude Include="sdk\os.h">
      <Filter>SDK</Filter>
    </ClInclude>
    <ClInclude Include="sdk\r_gl.h">
      <Filter>SDK</Filter>
    </ClInclude>
    <ClInclude Include="sdk\r_os.h">
      <Filter>SDK</Filter>
    </ClInclude>
    <ClInclude Include="sdk\r_os_win32.h">
      <Filter>SDK</Filter>
    </ClInclude>
    <ClInclude Include="sdk\r_sys.h">
      <Filter>SDK</Filter>
    </ClInclude>
    <ClInclude Include="sdk\resource.h">
      <Filter>SDK</Filter>
    </ClInclude>
    <ClInclude Include="sdk\shaders.h">
      <Filter>SDK</Filter>
    </ClInclude>
    <ClInclude Include="sdk\splinetrack.h">
      <Filter>SDK</Filter>
    </ClInclude>
    <ClInclude Include="sdk\System.h">
      <Filter>SDK</Filter>
    </ClInclude>
    <ClInclude Include="sdk\TreadAPI.h">
      <Filter>SDK</Filter>
    </ClInclude>
    <ClInclude Include="sdk\TreadDoc.h">
      <Filter>SDK</Filter>
    </ClInclude>
    <ClInclude Include="sdk\Vec3d_Manipulator.h">
      <Filter>SDK</Filter>
    </ClInclude>
  </ItemGroup>
  <ItemGroup>
    <None Include="res\AbductED.ico">
      <Filter>Resource Files</Filter>
    </None>
    <None Include="res\AbductED.rc2">
      <Filter>Resource Files</Filter>
    </None>
    <None Include="res\AbductEDDoc.ico">
      <Filter>Resource Files</Filter>
    </None>
    <None Include="res\bitmap1.bmp">
      <Filter>Resource Files</Filter>
    </None>
    <None Include="res\checkbuttons2.bmp">
      <Filter>Resource Files</Filter>
    </None>
    <None Include="res\notify.wav">
      <Filter>Resource Files</Filter>
    </None>
    <None Include="res\Toolbar.bmp">
      <Filter>Resource Files</Filter>
    </None>
    <None Include="res\visgroupicons.bmp">
      <Filter>Resource Files</Filter>
    </None>
    <None Include="sdk\math3d_inlines.inl">
      <Filter>SDK</Filter>
    </None>
    <None Include="AbductED.reg" />
  </ItemGroup>
  <ItemGroup>
    <ResourceCompile Include="AbductED.rc">
      <Filter>Resource Files</Filter>
    </ResourceCompile>
  </ItemGroup>
</Project>