// !$*UTF8*$!
{
	archiveVersion = 1;
	classes = {
	};
	objectVersion = 46;
	objects = {

/* Begin PBXBuildFile section */
		1D60589F0D05DD5A006BFB54 /* Foundation.framework in Frameworks */ = {isa = PBXBuildFile; fileRef = 1D30AB110D05D00D00671497 /* Foundation.framework */; };
		1DF5F4E00D08C38300B7A737 /* UIKit.framework in Frameworks */ = {isa = PBXBuildFile; fileRef = 1DF5F4DF0D08C38300B7A737 /* UIKit.framework */; };
		28AD733F0D9D9553002E5188 /* MainWindow.xib in Resources */ = {isa = PBXBuildFile; fileRef = 28AD733E0D9D9553002E5188 /* MainWindow.xib */; };
		28FD15000DC6FC520079059D /* OpenGLES.framework in Frameworks */ = {isa = PBXBuildFile; fileRef = 28FD14FF0DC6FC520079059D /* OpenGLES.framework */; };
		28FD15080DC6FC5B0079059D /* QuartzCore.framework in Frameworks */ = {isa = PBXBuildFile; fileRef = 28FD15070DC6FC5B0079059D /* QuartzCore.framework */; };
		332EF5A212A1E943004F29C0 /* CrowApp.cpp in Sources */ = {isa = PBXBuildFile; fileRef = 332EF59212A1E942004F29C0 /* CrowApp.cpp */; };
		332EF5A312A1E943004F29C0 /* CrowGame.cpp in Sources */ = {isa = PBXBuildFile; fileRef = 332EF59412A1E942004F29C0 /* CrowGame.cpp */; };
		332EF5A412A1E943004F29C0 /* G_Exports.cpp in Sources */ = {isa = PBXBuildFile; fileRef = 332EF59712A1E942004F29C0 /* G_Exports.cpp */; };
		332EF5A612A1E943004F29C0 /* G_ViewController.cpp in Sources */ = {isa = PBXBuildFile; fileRef = 332EF59B12A1E942004F29C0 /* G_ViewController.cpp */; };
		336C04BC1231A0D70037BE72 /* MakeMeBuild.cpp in Sources */ = {isa = PBXBuildFile; fileRef = 336C04BB1231A0D70037BE72 /* MakeMeBuild.cpp */; };
		337F032A12A87F7F001376E7 /* libglsl_optimizer.a in Frameworks */ = {isa = PBXBuildFile; fileRef = 337F031B12A87F74001376E7 /* libglsl_optimizer.a */; };
		337F032B12A87F81001376E7 /* libRadiance.a in Frameworks */ = {isa = PBXBuildFile; fileRef = 337F032112A87F74001376E7 /* libRadiance.a */; };
		33F2DCC41315F584008217BC /* Base in Resources */ = {isa = PBXBuildFile; fileRef = 33FEFE3212A0C3D400D0C604 /* Base */; };
		33F2DD7B13160636008217BC /* G_SkModel.cpp in Sources */ = {isa = PBXBuildFile; fileRef = 33F2DD7913160636008217BC /* G_SkModel.cpp */; };
/* End PBXBuildFile section */

/* Begin PBXContainerItemProxy section */
		337F031A12A87F74001376E7 /* PBXContainerItemProxy */ = {
			isa = PBXContainerItemProxy;
			containerPortal = 337F031012A87F74001376E7 /* glsl-optimizer.xcodeproj */;
			proxyType = 2;
			remoteGlobalIDString = D2AAC07E0554694100DB518D;
			remoteInfo = "glsl-optimizer";
		};
		337F032012A87F74001376E7 /* PBXContainerItemProxy */ = {
			isa = PBXContainerItemProxy;
			containerPortal = 337F031312A87F74001376E7 /* Radiance.xcodeproj */;
			proxyType = 2;
			remoteGlobalIDString = D2AAC07E0554694100DB518D;
			remoteInfo = Radiance;
		};
/* End PBXContainerItemProxy section */

/* Begin PBXFileReference section */
		1D30AB110D05D00D00671497 /* Foundation.framework */ = {isa = PBXFileReference; lastKnownFileType = wrapper.framework; name = Foundation.framework; path = System/Library/Frameworks/Foundation.framework; sourceTree = SDKROOT; };
		1DF5F4DF0D08C38300B7A737 /* UIKit.framework */ = {isa = PBXFileReference; lastKnownFileType = wrapper.framework; name = UIKit.framework; path = System/Library/Frameworks/UIKit.framework; sourceTree = SDKROOT; };
		28AD733E0D9D9553002E5188 /* MainWindow.xib */ = {isa = PBXFileReference; lastKnownFileType = file.xib; path = MainWindow.xib; sourceTree = "<group>"; };
		28FD14FF0DC6FC520079059D /* OpenGLES.framework */ = {isa = PBXFileReference; lastKnownFileType = wrapper.framework; name = OpenGLES.framework; path = System/Library/Frameworks/OpenGLES.framework; sourceTree = SDKROOT; };
		28FD15070DC6FC5B0079059D /* QuartzCore.framework */ = {isa = PBXFileReference; lastKnownFileType = wrapper.framework; name = QuartzCore.framework; path = System/Library/Frameworks/QuartzCore.framework; sourceTree = SDKROOT; };
		332EF59212A1E942004F29C0 /* CrowApp.cpp */ = {isa = PBXFileReference; fileEncoding = 4; lastKnownFileType = sourcecode.cpp.cpp; path = CrowApp.cpp; sourceTree = "<group>"; };
		332EF59312A1E942004F29C0 /* CrowApp.h */ = {isa = PBXFileReference; fileEncoding = 4; lastKnownFileType = sourcecode.c.h; path = CrowApp.h; sourceTree = "<group>"; };
		332EF59412A1E942004F29C0 /* CrowGame.cpp */ = {isa = PBXFileReference; fileEncoding = 4; lastKnownFileType = sourcecode.cpp.cpp; path = CrowGame.cpp; sourceTree = "<group>"; };
		332EF59512A1E942004F29C0 /* CrowGame.h */ = {isa = PBXFileReference; fileEncoding = 4; lastKnownFileType = sourcecode.c.h; path = CrowGame.h; sourceTree = "<group>"; };
		332EF59712A1E942004F29C0 /* G_Exports.cpp */ = {isa = PBXFileReference; fileEncoding = 4; lastKnownFileType = sourcecode.cpp.cpp; path = G_Exports.cpp; sourceTree = "<group>"; };
		332EF59812A1E942004F29C0 /* G_Exports.h */ = {isa = PBXFileReference; fileEncoding = 4; lastKnownFileType = sourcecode.c.h; path = G_Exports.h; sourceTree = "<group>"; };
		332EF59B12A1E942004F29C0 /* G_ViewController.cpp */ = {isa = PBXFileReference; fileEncoding = 4; lastKnownFileType = sourcecode.cpp.cpp; path = G_ViewController.cpp; sourceTree = "<group>"; };
		332EF59C12A1E942004F29C0 /* G_ViewController.h */ = {isa = PBXFileReference; fileEncoding = 4; lastKnownFileType = sourcecode.c.h; path = G_ViewController.h; sourceTree = "<group>"; };
		336C04BB1231A0D70037BE72 /* MakeMeBuild.cpp */ = {isa = PBXFileReference; fileEncoding = 4; lastKnownFileType = sourcecode.cpp.cpp; path = MakeMeBuild.cpp; sourceTree = "<group>"; };
		337AD52412A6318500E73AAB /* CrowDev-Info.plist */ = {isa = PBXFileReference; fileEncoding = 4; lastKnownFileType = text.plist.xml; path = "CrowDev-Info.plist"; sourceTree = "<group>"; };
		337F031012A87F74001376E7 /* glsl-optimizer.xcodeproj */ = {isa = PBXFileReference; lastKnownFileType = "wrapper.pb-project"; name = "glsl-optimizer.xcodeproj"; path = "../../../Radiance/Source/XCode/IOS/glsl-optimizer.xcodeproj"; sourceTree = SOURCE_ROOT; };
		337F031312A87F74001376E7 /* Radiance.xcodeproj */ = {isa = PBXFileReference; lastKnownFileType = "wrapper.pb-project"; name = Radiance.xcodeproj; path = ../../../Radiance/Source/XCode/IOS/Radiance.xcodeproj; sourceTree = SOURCE_ROOT; };
		33B06471125D73750098229E /* Crow_Prefix.pch */ = {isa = PBXFileReference; fileEncoding = 4; lastKnownFileType = sourcecode.c.h; path = Crow_Prefix.pch; sourceTree = "<group>"; };
		33C3BAC212A06E1900976EFE /* Crow.app */ = {isa = PBXFileReference; explicitFileType = wrapper.application; includeInIndex = 0; path = Crow.app; sourceTree = BUILT_PRODUCTS_DIR; };
		33F2DD7913160636008217BC /* G_SkModel.cpp */ = {isa = PBXFileReference; fileEncoding = 4; lastKnownFileType = sourcecode.cpp.cpp; path = G_SkModel.cpp; sourceTree = "<group>"; };
		33F2DD7A13160636008217BC /* G_SkModel.h */ = {isa = PBXFileReference; fileEncoding = 4; lastKnownFileType = sourcecode.c.h; path = G_SkModel.h; sourceTree = "<group>"; };
		33FEFE3212A0C3D400D0C604 /* Base */ = {isa = PBXFileReference; explicitFileType = folder; name = Base; path = ../../../Base; sourceTree = SOURCE_ROOT; };
/* End PBXFileReference section */

/* Begin PBXFrameworksBuildPhase section */
		1D60588F0D05DD3D006BFB54 /* Frameworks */ = {
			isa = PBXFrameworksBuildPhase;
			buildActionMask = 2147483647;
			files = (
				1D60589F0D05DD5A006BFB54 /* Foundation.framework in Frameworks */,
				1DF5F4E00D08C38300B7A737 /* UIKit.framework in Frameworks */,
				28FD15000DC6FC520079059D /* OpenGLES.framework in Frameworks */,
				28FD15080DC6FC5B0079059D /* QuartzCore.framework in Frameworks */,
				337F032A12A87F7F001376E7 /* libglsl_optimizer.a in Frameworks */,
				337F032B12A87F81001376E7 /* libRadiance.a in Frameworks */,
			);
			runOnlyForDeploymentPostprocessing = 0;
		};
/* End PBXFrameworksBuildPhase section */

/* Begin PBXGroup section */
		29B97314FDCFA39411CA2CEA /* CustomTemplate */ = {
			isa = PBXGroup;
			children = (
				337F031012A87F74001376E7 /* glsl-optimizer.xcodeproj */,
				337F031312A87F74001376E7 /* Radiance.xcodeproj */,
				332EF59012A1E927004F29C0 /* Source */,
				33FEFE3212A0C3D400D0C604 /* Base */,
				336C04BA1231A0C30037BE72 /* Classes */,
				29B97317FDCFA39411CA2CEA /* Resources */,
				29B97323FDCFA39411CA2CEA /* Frameworks */,
				33C3BAC312A06E1900976EFE /* Products */,
			);
			name = CustomTemplate;
			sourceTree = "<group>";
		};
		29B97317FDCFA39411CA2CEA /* Resources */ = {
			isa = PBXGroup;
			children = (
				337AD52412A6318500E73AAB /* CrowDev-Info.plist */,
				28AD733E0D9D9553002E5188 /* MainWindow.xib */,
			);
			name = Resources;
			sourceTree = "<group>";
		};
		29B97323FDCFA39411CA2CEA /* Frameworks */ = {
			isa = PBXGroup;
			children = (
				28FD15070DC6FC5B0079059D /* QuartzCore.framework */,
				28FD14FF0DC6FC520079059D /* OpenGLES.framework */,
				1DF5F4DF0D08C38300B7A737 /* UIKit.framework */,
				1D30AB110D05D00D00671497 /* Foundation.framework */,
			);
			name = Frameworks;
			sourceTree = "<group>";
		};
		332EF59012A1E927004F29C0 /* Source */ = {
			isa = PBXGroup;
			children = (
				332EF59112A1E942004F29C0 /* Game */,
			);
			name = Source;
			sourceTree = "<group>";
		};
		332EF59112A1E942004F29C0 /* Game */ = {
			isa = PBXGroup;
			children = (
				33F2DD7813160636008217BC /* Lua */,
				332EF59212A1E942004F29C0 /* CrowApp.cpp */,
				332EF59312A1E942004F29C0 /* CrowApp.h */,
				332EF59412A1E942004F29C0 /* CrowGame.cpp */,
				332EF59512A1E942004F29C0 /* CrowGame.h */,
				332EF59612A1E942004F29C0 /* Entities */,
			);
			name = Game;
			path = ../../Game;
			sourceTree = SOURCE_ROOT;
		};
		332EF59612A1E942004F29C0 /* Entities */ = {
			isa = PBXGroup;
			children = (
				332EF59712A1E942004F29C0 /* G_Exports.cpp */,
				332EF59812A1E942004F29C0 /* G_Exports.h */,
				332EF59B12A1E942004F29C0 /* G_ViewController.cpp */,
				332EF59C12A1E942004F29C0 /* G_ViewController.h */,
			);
			path = Entities;
			sourceTree = "<group>";
		};
		336C04BA1231A0C30037BE72 /* Classes */ = {
			isa = PBXGroup;
			children = (
				33B06471125D73750098229E /* Crow_Prefix.pch */,
				336C04BB1231A0D70037BE72 /* MakeMeBuild.cpp */,
			);
			name = Classes;
			sourceTree = "<group>";
		};
		337F031112A87F74001376E7 /* Products */ = {
			isa = PBXGroup;
			children = (
				337F031B12A87F74001376E7 /* libglsl_optimizer.a */,
			);
			name = Products;
			sourceTree = "<group>";
		};
		337F031412A87F74001376E7 /* Products */ = {
			isa = PBXGroup;
			children = (
				337F032112A87F74001376E7 /* libRadiance.a */,
			);
			name = Products;
			sourceTree = "<group>";
		};
		33C3BAC312A06E1900976EFE /* Products */ = {
			isa = PBXGroup;
			children = (
				33C3BAC212A06E1900976EFE /* Crow.app */,
			);
			name = Products;
			sourceTree = "<group>";
		};
		33F2DD7813160636008217BC /* Lua */ = {
			isa = PBXGroup;
			children = (
				33F2DD7913160636008217BC /* G_SkModel.cpp */,
				33F2DD7A13160636008217BC /* G_SkModel.h */,
			);
			path = Lua;
			sourceTree = "<group>";
		};
/* End PBXGroup section */

/* Begin PBXNativeTarget section */
		1D6058900D05DD3D006BFB54 /* CrowDev */ = {
			isa = PBXNativeTarget;
			buildConfigurationList = 1D6058960D05DD3E006BFB54 /* Build configuration list for PBXNativeTarget "CrowDev" */;
			buildPhases = (
				1D60588D0D05DD3D006BFB54 /* Resources */,
				1D60588E0D05DD3D006BFB54 /* Sources */,
				1D60588F0D05DD3D006BFB54 /* Frameworks */,
			);
			buildRules = (
			);
			dependencies = (
			);
			name = CrowDev;
			productName = Balance;
			productReference = 33C3BAC212A06E1900976EFE /* Crow.app */;
			productType = "com.apple.product-type.application";
		};
/* End PBXNativeTarget section */

/* Begin PBXProject section */
		29B97313FDCFA39411CA2CEA /* Project object */ = {
			isa = PBXProject;
			buildConfigurationList = C01FCF4E08A954540054247B /* Build configuration list for PBXProject "Crow" */;
			compatibilityVersion = "Xcode 3.2";
			developmentRegion = English;
			hasScannedForEncodings = 1;
			knownRegions = (
				English,
				Japanese,
				French,
				German,
			);
			mainGroup = 29B97314FDCFA39411CA2CEA /* CustomTemplate */;
			productRefGroup = 33C3BAC312A06E1900976EFE /* Products */;
			projectDirPath = "";
			projectReferences = (
				{
					ProductGroup = 337F031112A87F74001376E7 /* Products */;
					ProjectRef = 337F031012A87F74001376E7 /* glsl-optimizer.xcodeproj */;
				},
				{
					ProductGroup = 337F031412A87F74001376E7 /* Products */;
					ProjectRef = 337F031312A87F74001376E7 /* Radiance.xcodeproj */;
				},
			);
			projectRoot = "";
			targets = (
				1D6058900D05DD3D006BFB54 /* CrowDev */,
			);
		};
/* End PBXProject section */

/* Begin PBXReferenceProxy section */
		337F031B12A87F74001376E7 /* libglsl_optimizer.a */ = {
			isa = PBXReferenceProxy;
			fileType = archive.ar;
			path = libglsl_optimizer.a;
			remoteRef = 337F031A12A87F74001376E7 /* PBXContainerItemProxy */;
			sourceTree = BUILT_PRODUCTS_DIR;
		};
		337F032112A87F74001376E7 /* libRadiance.a */ = {
			isa = PBXReferenceProxy;
			fileType = archive.ar;
			path = libRadiance.a;
			remoteRef = 337F032012A87F74001376E7 /* PBXContainerItemProxy */;
			sourceTree = BUILT_PRODUCTS_DIR;
		};
/* End PBXReferenceProxy section */

/* Begin PBXResourcesBuildPhase section */
		1D60588D0D05DD3D006BFB54 /* Resources */ = {
			isa = PBXResourcesBuildPhase;
			buildActionMask = 2147483647;
			files = (
				28AD733F0D9D9553002E5188 /* MainWindow.xib in Resources */,
				33F2DCC41315F584008217BC /* Base in Resources */,
			);
			runOnlyForDeploymentPostprocessing = 0;
		};
/* End PBXResourcesBuildPhase section */

/* Begin PBXSourcesBuildPhase section */
		1D60588E0D05DD3D006BFB54 /* Sources */ = {
			isa = PBXSourcesBuildPhase;
			buildActionMask = 2147483647;
			files = (
				336C04BC1231A0D70037BE72 /* MakeMeBuild.cpp in Sources */,
				332EF5A212A1E943004F29C0 /* CrowApp.cpp in Sources */,
				332EF5A312A1E943004F29C0 /* CrowGame.cpp in Sources */,
				332EF5A412A1E943004F29C0 /* G_Exports.cpp in Sources */,
				332EF5A612A1E943004F29C0 /* G_ViewController.cpp in Sources */,
				33F2DD7B13160636008217BC /* G_SkModel.cpp in Sources */,
			);
			runOnlyForDeploymentPostprocessing = 0;
		};
/* End PBXSourcesBuildPhase section */

/* Begin XCBuildConfiguration section */
		1D6058940D05DD3E006BFB54 /* Debug */ = {
			isa = XCBuildConfiguration;
			buildSettings = {
				ALWAYS_SEARCH_USER_PATHS = NO;
				COPY_PHASE_STRIP = NO;
				DEBUG_INFORMATION_FORMAT = dwarf;
				GCC_DYNAMIC_NO_PIC = NO;
				GCC_OPTIMIZATION_LEVEL = 0;
				GCC_PRECOMPILE_PREFIX_HEADER = YES;
				GCC_PREFIX_HEADER = Crow_Prefix.pch;
				"GCC_THUMB_SUPPORT[arch=armv6]" = "";
				INFOPLIST_FILE = "CrowDev-Info.plist";
				LIBRARY_SEARCH_PATHS = (
					"$(inherited)",
					"\"$(SRCROOT)/../../../Bin/ios-gcc4-iphone-device-debug\"",
					"\"$(SRCROOT)/../../../Bin/ios-gcc4-iphone-device-debug-armv6\"",
					"\"$(SRCROOT)/../../../Bin/ios-gcc4-iphone-device-debug-armv7\"",
					"\"$(SRCROOT)/../../../../StaticLib/build/Debug-iphoneos\"",
					"\"$(SRCROOT)/../../../Radiance/Source/XCode/IOS/build/Debug-iphoneos\"",
					"\"$(SRCROOT)/../../../Radiance/Source/XCode/IOS/build/Release-iphoneos\"",
				);
				ONLY_ACTIVE_ARCH = YES;
				PRODUCT_NAME = Crow;
				SDKROOT = iphoneos4.2;
				TARGETED_DEVICE_FAMILY = "1,2";
				VALID_ARCHS = "armv6 armv7";
			};
			name = Debug;
		};
		1D6058950D05DD3E006BFB54 /* Release */ = {
			isa = XCBuildConfiguration;
			buildSettings = {
				ALWAYS_SEARCH_USER_PATHS = NO;
				COPY_PHASE_STRIP = YES;
				GCC_PRECOMPILE_PREFIX_HEADER = YES;
				GCC_PREFIX_HEADER = Crow_Prefix.pch;
				"GCC_THUMB_SUPPORT[arch=armv6]" = "";
				INFOPLIST_FILE = "CrowDev-Info.plist";
				LIBRARY_SEARCH_PATHS = (
					"$(inherited)",
					"\"$(SRCROOT)/../../../Bin/ios-gcc4-iphone-device-debug\"",
					"\"$(SRCROOT)/../../../Bin/ios-gcc4-iphone-device-debug-armv6\"",
					"\"$(SRCROOT)/../../../Bin/ios-gcc4-iphone-device-debug-armv7\"",
					"\"$(SRCROOT)/../../../../StaticLib/build/Debug-iphoneos\"",
					"\"$(SRCROOT)/../../../Radiance/Source/XCode/IOS/build/Debug-iphoneos\"",
					"\"$(SRCROOT)/../../../Radiance/Source/XCode/IOS/build/Release-iphoneos\"",
				);
				PRODUCT_NAME = Crow;
				SDKROOT = iphoneos4.2;
				TARGETED_DEVICE_FAMILY = "1,2";
				VALIDATE_PRODUCT = YES;
			};
			name = Release;
		};
		C01FCF4F08A954540054247B /* Debug */ = {
			isa = XCBuildConfiguration;
			buildSettings = {
				ALWAYS_SEARCH_USER_PATHS = NO;
				ARCHS = "$(ARCHS_STANDARD_32_BIT)";
				"CODE_SIGN_IDENTITY[sdk=iphoneos*]" = "iPhone Developer";
				GCC_C_LANGUAGE_STANDARD = c99;
				GCC_INLINES_ARE_PRIVATE_EXTERN = NO;
				GCC_PREPROCESSOR_DEFINITIONS = (
					RAD_OPT_POSIXFILES,
					RAD_OPT_POSIXTHREADS,
					BOOST_ALL_NO_LIB,
					UNICODE,
					RADMATH_OPT_NO_REFLECTION,
					RAD_OPT_TOOLS,
					RAD_OPT_GL,
					RAD_TARGET_DEBUG,
					RAD_OPT_CONSOLE,
					_DEBUG,
					DEBUG,
					_XOPEN_SOURCE,
				);
				GCC_SYMBOLS_PRIVATE_EXTERN = NO;
				GCC_THUMB_SUPPORT = NO;
				GCC_WARN_ABOUT_RETURN_TYPE = YES;
				GCC_WARN_UNUSED_VARIABLE = YES;
				HEADER_SEARCH_PATHS = (
					../../../Radiance/Source,
					../../../Radiance/Extern/boost/1.38.0,
					../../../Radiance/Extern/Lua/5.1.4,
					../../../Radiance/Extern/SDL/1.2,
				);
				INFOPLIST_FILE = "CrowDev-Info.plist";
				LIBRARY_SEARCH_PATHS = "$(SRCROOT)/../../../Radiance/Source/XCode/IOS/build/Release-iphoneos";
				PREBINDING = NO;
				SDKROOT = iphoneos4.2;
				TARGETED_DEVICE_FAMILY = "1,2";
			};
			name = Debug;
		};
		C01FCF5008A954540054247B /* Release */ = {
			isa = XCBuildConfiguration;
			buildSettings = {
				ALWAYS_SEARCH_USER_PATHS = NO;
				ARCHS = "$(ARCHS_STANDARD_32_BIT)";
				"CODE_SIGN_IDENTITY[sdk=iphoneos*]" = "iPhone Developer";
				GCC_C_LANGUAGE_STANDARD = c99;
				GCC_INLINES_ARE_PRIVATE_EXTERN = NO;
				GCC_OPTIMIZATION_LEVEL = 3;
				GCC_PREPROCESSOR_DEFINITIONS = (
					RAD_OPT_POSIXFILES,
					RAD_OPT_POSIXTHREADS,
					BOOST_ALL_NO_LIB,
					UNICODE,
					RADMATH_OPT_NO_REFLECTION,
					RAD_OPT_TOOLS,
					RAD_OPT_GL,
					RAD_TARGET_DEBUG,
					RAD_OPT_CONSOLE,
					NDEBUG,
					_XOPEN_SOURCE,
				);
				GCC_SYMBOLS_PRIVATE_EXTERN = NO;
				GCC_THUMB_SUPPORT = NO;
				GCC_WARN_ABOUT_RETURN_TYPE = YES;
				GCC_WARN_UNUSED_VARIABLE = YES;
				HEADER_SEARCH_PATHS = (
					../../../Radiance/Source,
					../../../Radiance/Extern/boost/1.38.0,
					../../../Radiance/Extern/Lua/5.1.4,
					../../../Radiance/Extern/SDL/1.2,
				);
				LIBRARY_SEARCH_PATHS = "$(SRCROOT)/../../../Radiance/Source/XCode/IOS/build/Release-iphoneos";
				OTHER_CFLAGS = "-DNS_BLOCK_ASSERTIONS=1";
				PREBINDING = NO;
				SDKROOT = iphoneos4.2;
				TARGETED_DEVICE_FAMILY = "1,2";
				USE_HEADERMAP = NO;
			};
			name = Release;
		};
/* End XCBuildConfiguration section */

/* Begin XCConfigurationList section */
		1D6058960D05DD3E006BFB54 /* Build configuration list for PBXNativeTarget "CrowDev" */ = {
			isa = XCConfigurationList;
			buildConfigurations = (
				1D6058940D05DD3E006BFB54 /* Debug */,
				1D6058950D05DD3E006BFB54 /* Release */,
			);
			defaultConfigurationIsVisible = 0;
			defaultConfigurationName = Release;
		};
		C01FCF4E08A954540054247B /* Build configuration list for PBXProject "Crow" */ = {
			isa = XCConfigurationList;
			buildConfigurations = (
				C01FCF4F08A954540054247B /* Debug */,
				C01FCF5008A954540054247B /* Release */,
			);
			defaultConfigurationIsVisible = 0;
			defaultConfigurationName = Release;
		};
/* End XCConfigurationList section */
	};
	rootObject = 29B97313FDCFA39411CA2CEA /* Project object */;
}
