// !$*UTF8*$!
{
	archiveVersion = 1;
	classes = {
	};
	objectVersion = 46;
	objects = {

/* Begin PBXBuildFile section */
		1D60589F0D05DD5A006BFB54 /* Foundation.framework in Frameworks */ = {isa = PBXBuildFile; fileRef = 1D30AB110D05D00D00671497 /* Foundation.framework */; };
		1DF5F4E00D08C38300B7A737 /* UIKit.framework in Frameworks */ = {isa = PBXBuildFile; fileRef = 1DF5F4DF0D08C38300B7A737 /* UIKit.framework */; };
		28AD733F0D9D9553002E5188 /* MainWindow.xib in Resources */ = {isa = PBXBuildFile; fileRef = 28AD733E0D9D9553002E5188 /* MainWindow.xib */; };
		28FD15000DC6FC520079059D /* OpenGLES.framework in Frameworks */ = {isa = PBXBuildFile; fileRef = 28FD14FF0DC6FC520079059D /* OpenGLES.framework */; };
		28FD15080DC6FC5B0079059D /* QuartzCore.framework in Frameworks */ = {isa = PBXBuildFile; fileRef = 28FD15070DC6FC5B0079059D /* QuartzCore.framework */; };
		330257AD132C23540032AD96 /* Icon-72.png in Resources */ = {isa = PBXBuildFile; fileRef = 330257AB132C23540032AD96 /* Icon-72.png */; };
		3302582F132C768D0032AD96 /* MainWindow.xib in Resources */ = {isa = PBXBuildFile; fileRef = 28AD733E0D9D9553002E5188 /* MainWindow.xib */; };
		33025831132C768D0032AD96 /* autoexec.txt in Resources */ = {isa = PBXBuildFile; fileRef = 332C4BB4132B364E00E10CA2 /* autoexec.txt */; };
		33025832132C768D0032AD96 /* Icon-72.png in Resources */ = {isa = PBXBuildFile; fileRef = 330257AB132C23540032AD96 /* Icon-72.png */; };
		33025834132C768D0032AD96 /* CrowGame.cpp in Sources */ = {isa = PBXBuildFile; fileRef = 332EF59412A1E942004F29C0 /* CrowGame.cpp */; };
		33025835132C768D0032AD96 /* G_Exports.cpp in Sources */ = {isa = PBXBuildFile; fileRef = 332EF59712A1E942004F29C0 /* G_Exports.cpp */; };
		33025836132C768D0032AD96 /* G_ViewController.cpp in Sources */ = {isa = PBXBuildFile; fileRef = 332EF59B12A1E942004F29C0 /* G_ViewController.cpp */; };
		33025837132C768D0032AD96 /* G_SkModel.cpp in Sources */ = {isa = PBXBuildFile; fileRef = 33F2DD7913160636008217BC /* G_SkModel.cpp */; };
		33025838132C768D0032AD96 /* CrowApp.cpp in Sources */ = {isa = PBXBuildFile; fileRef = 332EF59212A1E942004F29C0 /* CrowApp.cpp */; };
		3302583A132C768D0032AD96 /* Foundation.framework in Frameworks */ = {isa = PBXBuildFile; fileRef = 1D30AB110D05D00D00671497 /* Foundation.framework */; };
		3302583B132C768D0032AD96 /* UIKit.framework in Frameworks */ = {isa = PBXBuildFile; fileRef = 1DF5F4DF0D08C38300B7A737 /* UIKit.framework */; };
		3302583C132C768D0032AD96 /* OpenGLES.framework in Frameworks */ = {isa = PBXBuildFile; fileRef = 28FD14FF0DC6FC520079059D /* OpenGLES.framework */; };
		3302583D132C768D0032AD96 /* QuartzCore.framework in Frameworks */ = {isa = PBXBuildFile; fileRef = 28FD15070DC6FC5B0079059D /* QuartzCore.framework */; };
		3302583E132C768D0032AD96 /* libglsl_optimizer.a in Frameworks */ = {isa = PBXBuildFile; fileRef = 337F031B12A87F74001376E7 /* libglsl_optimizer.a */; };
		3302583F132C768D0032AD96 /* libRadiance.a in Frameworks */ = {isa = PBXBuildFile; fileRef = 337F032112A87F74001376E7 /* libRadiance.a */; };
		33277BA813501AE6005DBC1F /* G_ScreenPawn.cpp in Sources */ = {isa = PBXBuildFile; fileRef = 33277BA613501AE6005DBC1F /* G_ScreenPawn.cpp */; };
		33277BB913501D24005DBC1F /* G_ScreenPawn.cpp in Sources */ = {isa = PBXBuildFile; fileRef = 33277BA613501AE6005DBC1F /* G_ScreenPawn.cpp */; };
		332C4194132AC86800E10CA2 /* CrowApp.cpp in Sources */ = {isa = PBXBuildFile; fileRef = 332EF59212A1E942004F29C0 /* CrowApp.cpp */; };
		332C4BB5132B364E00E10CA2 /* autoexec.txt in Resources */ = {isa = PBXBuildFile; fileRef = 332C4BB4132B364E00E10CA2 /* autoexec.txt */; };
		332EF5A312A1E943004F29C0 /* CrowGame.cpp in Sources */ = {isa = PBXBuildFile; fileRef = 332EF59412A1E942004F29C0 /* CrowGame.cpp */; };
		332EF5A412A1E943004F29C0 /* G_Exports.cpp in Sources */ = {isa = PBXBuildFile; fileRef = 332EF59712A1E942004F29C0 /* G_Exports.cpp */; };
		332EF5A612A1E943004F29C0 /* G_ViewController.cpp in Sources */ = {isa = PBXBuildFile; fileRef = 332EF59B12A1E942004F29C0 /* G_ViewController.cpp */; };
		33519A1B132C890F000D4455 /* Base in Resources */ = {isa = PBXBuildFile; fileRef = 33FEFE3212A0C3D400D0C604 /* Base */; };
		33519A1C132C8915000D4455 /* Base in Resources */ = {isa = PBXBuildFile; fileRef = 33519A16132C88F0000D4455 /* Base */; };
		335A01FD136F4BD0007C6377 /* G_ScreenProjectile.cpp in Sources */ = {isa = PBXBuildFile; fileRef = 335A01FB136F4BD0007C6377 /* G_ScreenProjectile.cpp */; };
		335A01FE136F4BD5007C6377 /* G_ScreenProjectile.cpp in Sources */ = {isa = PBXBuildFile; fileRef = 335A01FB136F4BD0007C6377 /* G_ScreenProjectile.cpp */; };
		336CE188133ED20800523593 /* libfreetype.a in Frameworks */ = {isa = PBXBuildFile; fileRef = 338C24FC133EBECF00C4740B /* libfreetype.a */; };
		3372DBAD13F4C1CC001F0E4D /* Default-Landscape~ipad.png in Resources */ = {isa = PBXBuildFile; fileRef = 3372DBAC13F4C1CC001F0E4D /* Default-Landscape~ipad.png */; };
		3372DBAF13F4C1E8001F0E4D /* Default-Portrait~ipad.png in Resources */ = {isa = PBXBuildFile; fileRef = 3372DBAE13F4C1E8001F0E4D /* Default-Portrait~ipad.png */; };
		3372DBB013F4C2C1001F0E4D /* Icon.png in Resources */ = {isa = PBXBuildFile; fileRef = 330257AC132C23540032AD96 /* Icon.png */; };
		3372DBB213F4C314001F0E4D /* Icon-114.png in Resources */ = {isa = PBXBuildFile; fileRef = 3372DBB113F4C314001F0E4D /* Icon-114.png */; };
		3372DBB413F4C3D9001F0E4D /* Default.png in Resources */ = {isa = PBXBuildFile; fileRef = 3372DBB313F4C3D9001F0E4D /* Default.png */; };
		3372DBB613F4C41B001F0E4D /* Default@2x.png in Resources */ = {isa = PBXBuildFile; fileRef = 3372DBB513F4C41B001F0E4D /* Default@2x.png */; };
		337F032A12A87F7F001376E7 /* libglsl_optimizer.a in Frameworks */ = {isa = PBXBuildFile; fileRef = 337F031B12A87F74001376E7 /* libglsl_optimizer.a */; };
		337F032B12A87F81001376E7 /* libRadiance.a in Frameworks */ = {isa = PBXBuildFile; fileRef = 337F032112A87F74001376E7 /* libRadiance.a */; };
		338E741E133EE04A00991013 /* libfreetype.a in Frameworks */ = {isa = PBXBuildFile; fileRef = 338C24FC133EBECF00C4740B /* libfreetype.a */; };
		339E09991389C064004B5DC9 /* OpenAL.framework in Frameworks */ = {isa = PBXBuildFile; fileRef = 339E09981389C064004B5DC9 /* OpenAL.framework */; };
		339E099A1389C06B004B5DC9 /* OpenAL.framework in Frameworks */ = {isa = PBXBuildFile; fileRef = 339E09981389C064004B5DC9 /* OpenAL.framework */; };
		339E09FF1389C4F4004B5DC9 /* liblibogg.a in Frameworks */ = {isa = PBXBuildFile; fileRef = 339E09FE1389C4F2004B5DC9 /* liblibogg.a */; };
		339E0A711389C73E004B5DC9 /* liblibvorbis.a in Frameworks */ = {isa = PBXBuildFile; fileRef = 339E0A701389C73C004B5DC9 /* liblibvorbis.a */; };
		33BBC131134D75AB00458D52 /* G_ScreenView.cpp in Sources */ = {isa = PBXBuildFile; fileRef = 33BBC12E134D75AB00458D52 /* G_ScreenView.cpp */; };
		33BBC133134D75B400458D52 /* G_ScreenView.cpp in Sources */ = {isa = PBXBuildFile; fileRef = 33BBC12E134D75AB00458D52 /* G_ScreenView.cpp */; };
		33D4336614269138007CEE73 /* AudioToolbox.framework in Frameworks */ = {isa = PBXBuildFile; fileRef = 33D4336514269138007CEE73 /* AudioToolbox.framework */; };
		33D4336814269141007CEE73 /* AudioToolbox.framework in Frameworks */ = {isa = PBXBuildFile; fileRef = 33D4336714269141007CEE73 /* AudioToolbox.framework */; };
		33F2DD7B13160636008217BC /* G_SkModel.cpp in Sources */ = {isa = PBXBuildFile; fileRef = 33F2DD7913160636008217BC /* G_SkModel.cpp */; };
/* End PBXBuildFile section */

/* Begin PBXContainerItemProxy section */
		337F031A12A87F74001376E7 /* PBXContainerItemProxy */ = {
			isa = PBXContainerItemProxy;
			containerPortal = 337F031012A87F74001376E7 /* glsl-optimizer.xcodeproj */;
			proxyType = 2;
			remoteGlobalIDString = D2AAC07E0554694100DB518D;
			remoteInfo = "glsl-optimizer";
		};
		337F032012A87F74001376E7 /* PBXContainerItemProxy */ = {
			isa = PBXContainerItemProxy;
			containerPortal = 337F031312A87F74001376E7 /* Radiance.xcodeproj */;
			proxyType = 2;
			remoteGlobalIDString = D2AAC07E0554694100DB518D;
			remoteInfo = Radiance;
		};
		338C24FB133EBECF00C4740B /* PBXContainerItemProxy */ = {
			isa = PBXContainerItemProxy;
			containerPortal = 338C24F4133EBECF00C4740B /* freetype.xcodeproj */;
			proxyType = 2;
			remoteGlobalIDString = D2AAC07E0554694100DB518D;
			remoteInfo = freetype;
		};
		339E09FD1389C4F2004B5DC9 /* PBXContainerItemProxy */ = {
			isa = PBXContainerItemProxy;
			containerPortal = 339E09F61389C4F2004B5DC9 /* libogg.xcodeproj */;
			proxyType = 2;
			remoteGlobalIDString = D2AAC07E0554694100DB518D;
			remoteInfo = libogg;
		};
		339E0A6F1389C73C004B5DC9 /* PBXContainerItemProxy */ = {
			isa = PBXContainerItemProxy;
			containerPortal = 339E0A681389C73C004B5DC9 /* libvorbis.xcodeproj */;
			proxyType = 2;
			remoteGlobalIDString = D2AAC07E0554694100DB518D;
			remoteInfo = libvorbis;
		};
/* End PBXContainerItemProxy section */

/* Begin PBXFileReference section */
		1D30AB110D05D00D00671497 /* Foundation.framework */ = {isa = PBXFileReference; lastKnownFileType = wrapper.framework; name = Foundation.framework; path = System/Library/Frameworks/Foundation.framework; sourceTree = SDKROOT; };
		1DF5F4DF0D08C38300B7A737 /* UIKit.framework */ = {isa = PBXFileReference; lastKnownFileType = wrapper.framework; name = UIKit.framework; path = System/Library/Frameworks/UIKit.framework; sourceTree = SDKROOT; };
		28AD733E0D9D9553002E5188 /* MainWindow.xib */ = {isa = PBXFileReference; lastKnownFileType = file.xib; path = MainWindow.xib; sourceTree = "<group>"; };
		28FD14FF0DC6FC520079059D /* OpenGLES.framework */ = {isa = PBXFileReference; lastKnownFileType = wrapper.framework; name = OpenGLES.framework; path = System/Library/Frameworks/OpenGLES.framework; sourceTree = SDKROOT; };
		28FD15070DC6FC5B0079059D /* QuartzCore.framework */ = {isa = PBXFileReference; lastKnownFileType = wrapper.framework; name = QuartzCore.framework; path = System/Library/Frameworks/QuartzCore.framework; sourceTree = SDKROOT; };
		330257AB132C23540032AD96 /* Icon-72.png */ = {isa = PBXFileReference; lastKnownFileType = image.png; path = "Icon-72.png"; sourceTree = "<group>"; };
		330257AC132C23540032AD96 /* Icon.png */ = {isa = PBXFileReference; lastKnownFileType = image.png; path = Icon.png; sourceTree = "<group>"; };
		33025825132C75FE0032AD96 /* CrowiPadDev.plist */ = {isa = PBXFileReference; fileEncoding = 4; lastKnownFileType = text.plist.xml; path = CrowiPadDev.plist; sourceTree = "<group>"; };
		3302582A132C76490032AD96 /* CrowiPadGold.plist */ = {isa = PBXFileReference; fileEncoding = 4; lastKnownFileType = text.plist.xml; path = CrowiPadGold.plist; sourceTree = "<group>"; };
		33025843132C768D0032AD96 /* Crow.app */ = {isa = PBXFileReference; explicitFileType = wrapper.application; includeInIndex = 0; path = Crow.app; sourceTree = BUILT_PRODUCTS_DIR; };
		33277BA613501AE6005DBC1F /* G_ScreenPawn.cpp */ = {isa = PBXFileReference; fileEncoding = 4; lastKnownFileType = sourcecode.cpp.cpp; path = G_ScreenPawn.cpp; sourceTree = "<group>"; };
		33277BA713501AE6005DBC1F /* G_ScreenPawn.h */ = {isa = PBXFileReference; fileEncoding = 4; lastKnownFileType = sourcecode.c.h; path = G_ScreenPawn.h; sourceTree = "<group>"; };
		332C4BB4132B364E00E10CA2 /* autoexec.txt */ = {isa = PBXFileReference; fileEncoding = 4; lastKnownFileType = text; name = autoexec.txt; path = ../../../autoexec.txt; sourceTree = SOURCE_ROOT; };
		332EF59212A1E942004F29C0 /* CrowApp.cpp */ = {isa = PBXFileReference; fileEncoding = 4; lastKnownFileType = sourcecode.cpp.cpp; path = CrowApp.cpp; sourceTree = "<group>"; };
		332EF59312A1E942004F29C0 /* CrowApp.h */ = {isa = PBXFileReference; fileEncoding = 4; lastKnownFileType = sourcecode.c.h; path = CrowApp.h; sourceTree = "<group>"; };
		332EF59412A1E942004F29C0 /* CrowGame.cpp */ = {isa = PBXFileReference; fileEncoding = 4; lastKnownFileType = sourcecode.cpp.cpp; path = CrowGame.cpp; sourceTree = "<group>"; };
		332EF59512A1E942004F29C0 /* CrowGame.h */ = {isa = PBXFileReference; fileEncoding = 4; lastKnownFileType = sourcecode.c.h; path = CrowGame.h; sourceTree = "<group>"; };
		332EF59712A1E942004F29C0 /* G_Exports.cpp */ = {isa = PBXFileReference; fileEncoding = 4; lastKnownFileType = sourcecode.cpp.cpp; path = G_Exports.cpp; sourceTree = "<group>"; };
		332EF59812A1E942004F29C0 /* G_Exports.h */ = {isa = PBXFileReference; fileEncoding = 4; lastKnownFileType = sourcecode.c.h; path = G_Exports.h; sourceTree = "<group>"; };
		332EF59B12A1E942004F29C0 /* G_ViewController.cpp */ = {isa = PBXFileReference; fileEncoding = 4; lastKnownFileType = sourcecode.cpp.cpp; path = G_ViewController.cpp; sourceTree = "<group>"; };
		332EF59C12A1E942004F29C0 /* G_ViewController.h */ = {isa = PBXFileReference; fileEncoding = 4; lastKnownFileType = sourcecode.c.h; path = G_ViewController.h; sourceTree = "<group>"; };
		33519A16132C88F0000D4455 /* Base */ = {isa = PBXFileReference; lastKnownFileType = folder; name = Base; path = ../../../Cooked/Packages/Base; sourceTree = SOURCE_ROOT; };
		335A01FB136F4BD0007C6377 /* G_ScreenProjectile.cpp */ = {isa = PBXFileReference; fileEncoding = 4; lastKnownFileType = sourcecode.cpp.cpp; path = G_ScreenProjectile.cpp; sourceTree = "<group>"; };
		335A01FC136F4BD0007C6377 /* G_ScreenProjectile.h */ = {isa = PBXFileReference; fileEncoding = 4; lastKnownFileType = sourcecode.c.h; path = G_ScreenProjectile.h; sourceTree = "<group>"; };
		3372DBAC13F4C1CC001F0E4D /* Default-Landscape~ipad.png */ = {isa = PBXFileReference; lastKnownFileType = image.png; path = "Default-Landscape~ipad.png"; sourceTree = "<group>"; };
		3372DBAE13F4C1E8001F0E4D /* Default-Portrait~ipad.png */ = {isa = PBXFileReference; lastKnownFileType = image.png; path = "Default-Portrait~ipad.png"; sourceTree = "<group>"; };
		3372DBB113F4C314001F0E4D /* Icon-114.png */ = {isa = PBXFileReference; lastKnownFileType = image.png; path = "Icon-114.png"; sourceTree = "<group>"; };
		3372DBB313F4C3D9001F0E4D /* Default.png */ = {isa = PBXFileReference; lastKnownFileType = image.png; path = Default.png; sourceTree = "<group>"; };
		3372DBB513F4C41B001F0E4D /* Default@2x.png */ = {isa = PBXFileReference; lastKnownFileType = image.png; path = "Default@2x.png"; sourceTree = "<group>"; };
		337F031012A87F74001376E7 /* glsl-optimizer.xcodeproj */ = {isa = PBXFileReference; lastKnownFileType = "wrapper.pb-project"; name = "glsl-optimizer.xcodeproj"; path = "../../../Radiance/Source/XCode/IOS/glsl-optimizer.xcodeproj"; sourceTree = SOURCE_ROOT; };
		337F031312A87F74001376E7 /* Radiance.xcodeproj */ = {isa = PBXFileReference; lastKnownFileType = "wrapper.pb-project"; name = Radiance.xcodeproj; path = ../../../Radiance/Source/XCode/IOS/Radiance.xcodeproj; sourceTree = SOURCE_ROOT; };
		338C24F4133EBECF00C4740B /* freetype.xcodeproj */ = {isa = PBXFileReference; lastKnownFileType = "wrapper.pb-project"; name = freetype.xcodeproj; path = ../../../Radiance/Source/XCode/IOS/freetype.xcodeproj; sourceTree = SOURCE_ROOT; };
		339E09981389C064004B5DC9 /* OpenAL.framework */ = {isa = PBXFileReference; lastKnownFileType = wrapper.framework; name = OpenAL.framework; path = System/Library/Frameworks/OpenAL.framework; sourceTree = SDKROOT; };
		339E09F61389C4F2004B5DC9 /* libogg.xcodeproj */ = {isa = PBXFileReference; lastKnownFileType = "wrapper.pb-project"; name = libogg.xcodeproj; path = ../../../Radiance/Source/XCode/IOS/libogg.xcodeproj; sourceTree = SOURCE_ROOT; };
		339E0A681389C73C004B5DC9 /* libvorbis.xcodeproj */ = {isa = PBXFileReference; lastKnownFileType = "wrapper.pb-project"; name = libvorbis.xcodeproj; path = ../../../Radiance/Source/XCode/IOS/libvorbis.xcodeproj; sourceTree = SOURCE_ROOT; };
		33B06471125D73750098229E /* Crow_Prefix.pch */ = {isa = PBXFileReference; fileEncoding = 4; lastKnownFileType = sourcecode.c.h; path = Crow_Prefix.pch; sourceTree = "<group>"; };
		33BBC12E134D75AB00458D52 /* G_ScreenView.cpp */ = {isa = PBXFileReference; fileEncoding = 4; lastKnownFileType = sourcecode.cpp.cpp; path = G_ScreenView.cpp; sourceTree = "<group>"; };
		33BBC12F134D75AB00458D52 /* G_ScreenView.h */ = {isa = PBXFileReference; fileEncoding = 4; lastKnownFileType = sourcecode.c.h; path = G_ScreenView.h; sourceTree = "<group>"; };
		33C3BAC212A06E1900976EFE /* Crow.app */ = {isa = PBXFileReference; explicitFileType = wrapper.application; includeInIndex = 0; path = Crow.app; sourceTree = BUILT_PRODUCTS_DIR; };
		33D4336514269138007CEE73 /* AudioToolbox.framework */ = {isa = PBXFileReference; lastKnownFileType = wrapper.framework; name = AudioToolbox.framework; path = System/Library/Frameworks/AudioToolbox.framework; sourceTree = SDKROOT; };
		33D4336714269141007CEE73 /* AudioToolbox.framework */ = {isa = PBXFileReference; lastKnownFileType = wrapper.framework; name = AudioToolbox.framework; path = System/Library/Frameworks/AudioToolbox.framework; sourceTree = SDKROOT; };
		33F2DD7913160636008217BC /* G_SkModel.cpp */ = {isa = PBXFileReference; fileEncoding = 4; lastKnownFileType = sourcecode.cpp.cpp; path = G_SkModel.cpp; sourceTree = "<group>"; };
		33F2DD7A13160636008217BC /* G_SkModel.h */ = {isa = PBXFileReference; fileEncoding = 4; lastKnownFileType = sourcecode.c.h; path = G_SkModel.h; sourceTree = "<group>"; };
		33FEFE3212A0C3D400D0C604 /* Base */ = {isa = PBXFileReference; explicitFileType = folder; name = Base; path = ../../../Base; sourceTree = SOURCE_ROOT; };
/* End PBXFileReference section */

/* Begin PBXFrameworksBuildPhase section */
		1D60588F0D05DD3D006BFB54 /* Frameworks */ = {
			isa = PBXFrameworksBuildPhase;
			buildActionMask = 2147483647;
			files = (
				33D4336814269141007CEE73 /* AudioToolbox.framework in Frameworks */,
				1D60589F0D05DD5A006BFB54 /* Foundation.framework in Frameworks */,
				1DF5F4E00D08C38300B7A737 /* UIKit.framework in Frameworks */,
				28FD15000DC6FC520079059D /* OpenGLES.framework in Frameworks */,
				28FD15080DC6FC5B0079059D /* QuartzCore.framework in Frameworks */,
				337F032A12A87F7F001376E7 /* libglsl_optimizer.a in Frameworks */,
				337F032B12A87F81001376E7 /* libRadiance.a in Frameworks */,
				338E741E133EE04A00991013 /* libfreetype.a in Frameworks */,
				339E099A1389C06B004B5DC9 /* OpenAL.framework in Frameworks */,
			);
			runOnlyForDeploymentPostprocessing = 0;
		};
		33025839132C768D0032AD96 /* Frameworks */ = {
			isa = PBXFrameworksBuildPhase;
			buildActionMask = 2147483647;
			files = (
				33D4336614269138007CEE73 /* AudioToolbox.framework in Frameworks */,
				3302583A132C768D0032AD96 /* Foundation.framework in Frameworks */,
				3302583B132C768D0032AD96 /* UIKit.framework in Frameworks */,
				3302583C132C768D0032AD96 /* OpenGLES.framework in Frameworks */,
				3302583D132C768D0032AD96 /* QuartzCore.framework in Frameworks */,
				3302583E132C768D0032AD96 /* libglsl_optimizer.a in Frameworks */,
				3302583F132C768D0032AD96 /* libRadiance.a in Frameworks */,
				336CE188133ED20800523593 /* libfreetype.a in Frameworks */,
				339E09991389C064004B5DC9 /* OpenAL.framework in Frameworks */,
				339E09FF1389C4F4004B5DC9 /* liblibogg.a in Frameworks */,
				339E0A711389C73E004B5DC9 /* liblibvorbis.a in Frameworks */,
			);
			runOnlyForDeploymentPostprocessing = 0;
		};
/* End PBXFrameworksBuildPhase section */

/* Begin PBXGroup section */
		29B97314FDCFA39411CA2CEA /* CustomTemplate */ = {
			isa = PBXGroup;
			children = (
				33D4336714269141007CEE73 /* AudioToolbox.framework */,
				33D4336514269138007CEE73 /* AudioToolbox.framework */,
				339E0A681389C73C004B5DC9 /* libvorbis.xcodeproj */,
				339E09F61389C4F2004B5DC9 /* libogg.xcodeproj */,
				338C24F4133EBECF00C4740B /* freetype.xcodeproj */,
				337F031012A87F74001376E7 /* glsl-optimizer.xcodeproj */,
				337F031312A87F74001376E7 /* Radiance.xcodeproj */,
				332EF59012A1E927004F29C0 /* Source */,
				332C4BB4132B364E00E10CA2 /* autoexec.txt */,
				33FEFE3212A0C3D400D0C604 /* Base */,
				33519A16132C88F0000D4455 /* Base */,
				29B97317FDCFA39411CA2CEA /* Resources */,
				29B97323FDCFA39411CA2CEA /* Frameworks */,
				33C3BAC312A06E1900976EFE /* Products */,
			);
			name = CustomTemplate;
			sourceTree = "<group>";
		};
		29B97317FDCFA39411CA2CEA /* Resources */ = {
			isa = PBXGroup;
			children = (
				3372DBB513F4C41B001F0E4D /* Default@2x.png */,
				3372DBB313F4C3D9001F0E4D /* Default.png */,
				3372DBAE13F4C1E8001F0E4D /* Default-Portrait~ipad.png */,
				3372DBAC13F4C1CC001F0E4D /* Default-Landscape~ipad.png */,
				3302582A132C76490032AD96 /* CrowiPadGold.plist */,
				33025825132C75FE0032AD96 /* CrowiPadDev.plist */,
				330257AB132C23540032AD96 /* Icon-72.png */,
				3372DBB113F4C314001F0E4D /* Icon-114.png */,
				330257AC132C23540032AD96 /* Icon.png */,
				28AD733E0D9D9553002E5188 /* MainWindow.xib */,
			);
			name = Resources;
			sourceTree = "<group>";
		};
		29B97323FDCFA39411CA2CEA /* Frameworks */ = {
			isa = PBXGroup;
			children = (
				28FD15070DC6FC5B0079059D /* QuartzCore.framework */,
				28FD14FF0DC6FC520079059D /* OpenGLES.framework */,
				1DF5F4DF0D08C38300B7A737 /* UIKit.framework */,
				1D30AB110D05D00D00671497 /* Foundation.framework */,
				339E09981389C064004B5DC9 /* OpenAL.framework */,
			);
			name = Frameworks;
			sourceTree = "<group>";
		};
		332EF59012A1E927004F29C0 /* Source */ = {
			isa = PBXGroup;
			children = (
				33B06471125D73750098229E /* Crow_Prefix.pch */,
				332EF59112A1E942004F29C0 /* Game */,
			);
			name = Source;
			sourceTree = "<group>";
		};
		332EF59112A1E942004F29C0 /* Game */ = {
			isa = PBXGroup;
			children = (
				33F2DD7813160636008217BC /* Lua */,
				332EF59212A1E942004F29C0 /* CrowApp.cpp */,
				332EF59312A1E942004F29C0 /* CrowApp.h */,
				332EF59412A1E942004F29C0 /* CrowGame.cpp */,
				332EF59512A1E942004F29C0 /* CrowGame.h */,
				332EF59612A1E942004F29C0 /* Entities */,
			);
			name = Game;
			path = ../../Game;
			sourceTree = SOURCE_ROOT;
		};
		332EF59612A1E942004F29C0 /* Entities */ = {
			isa = PBXGroup;
			children = (
				33277BA613501AE6005DBC1F /* G_ScreenPawn.cpp */,
				33277BA713501AE6005DBC1F /* G_ScreenPawn.h */,
				335A01FB136F4BD0007C6377 /* G_ScreenProjectile.cpp */,
				335A01FC136F4BD0007C6377 /* G_ScreenProjectile.h */,
				33BBC12E134D75AB00458D52 /* G_ScreenView.cpp */,
				33BBC12F134D75AB00458D52 /* G_ScreenView.h */,
				332EF59712A1E942004F29C0 /* G_Exports.cpp */,
				332EF59812A1E942004F29C0 /* G_Exports.h */,
				332EF59B12A1E942004F29C0 /* G_ViewController.cpp */,
				332EF59C12A1E942004F29C0 /* G_ViewController.h */,
			);
			path = Entities;
			sourceTree = "<group>";
		};
		337F031112A87F74001376E7 /* Products */ = {
			isa = PBXGroup;
			children = (
				337F031B12A87F74001376E7 /* libglsl_optimizer.a */,
			);
			name = Products;
			sourceTree = "<group>";
		};
		337F031412A87F74001376E7 /* Products */ = {
			isa = PBXGroup;
			children = (
				337F032112A87F74001376E7 /* libRadiance.a */,
			);
			name = Products;
			sourceTree = "<group>";
		};
		338C24F5133EBECF00C4740B /* Products */ = {
			isa = PBXGroup;
			children = (
				338C24FC133EBECF00C4740B /* libfreetype.a */,
			);
			name = Products;
			sourceTree = "<group>";
		};
		339E09F71389C4F2004B5DC9 /* Products */ = {
			isa = PBXGroup;
			children = (
				339E09FE1389C4F2004B5DC9 /* liblibogg.a */,
			);
			name = Products;
			sourceTree = "<group>";
		};
		339E0A691389C73C004B5DC9 /* Products */ = {
			isa = PBXGroup;
			children = (
				339E0A701389C73C004B5DC9 /* liblibvorbis.a */,
			);
			name = Products;
			sourceTree = "<group>";
		};
		33C3BAC312A06E1900976EFE /* Products */ = {
			isa = PBXGroup;
			children = (
				33C3BAC212A06E1900976EFE /* Crow.app */,
				33025843132C768D0032AD96 /* Crow.app */,
			);
			name = Products;
			sourceTree = "<group>";
		};
		33F2DD7813160636008217BC /* Lua */ = {
			isa = PBXGroup;
			children = (
				33F2DD7913160636008217BC /* G_SkModel.cpp */,
				33F2DD7A13160636008217BC /* G_SkModel.h */,
			);
			path = Lua;
			sourceTree = "<group>";
		};
/* End PBXGroup section */

/* Begin PBXNativeTarget section */
		1D6058900D05DD3D006BFB54 /* CrowiPadDev */ = {
			isa = PBXNativeTarget;
			buildConfigurationList = 1D6058960D05DD3E006BFB54 /* Build configuration list for PBXNativeTarget "CrowiPadDev" */;
			buildPhases = (
				1D60588D0D05DD3D006BFB54 /* Resources */,
				1D60588E0D05DD3D006BFB54 /* Sources */,
				1D60588F0D05DD3D006BFB54 /* Frameworks */,
			);
			buildRules = (
			);
			dependencies = (
			);
			name = CrowiPadDev;
			productName = Balance;
			productReference = 33C3BAC212A06E1900976EFE /* Crow.app */;
			productType = "com.apple.product-type.application";
		};
		3302582D132C768D0032AD96 /* CrowiPadGold */ = {
			isa = PBXNativeTarget;
			buildConfigurationList = 33025840132C768D0032AD96 /* Build configuration list for PBXNativeTarget "CrowiPadGold" */;
			buildPhases = (
				33025833132C768D0032AD96 /* Sources */,
				3302582E132C768D0032AD96 /* Resources */,
				33025839132C768D0032AD96 /* Frameworks */,
			);
			buildRules = (
			);
			dependencies = (
			);
			name = CrowiPadGold;
			productName = Balance;
			productReference = 33025843132C768D0032AD96 /* Crow.app */;
			productType = "com.apple.product-type.application";
		};
/* End PBXNativeTarget section */

/* Begin PBXProject section */
		29B97313FDCFA39411CA2CEA /* Project object */ = {
			isa = PBXProject;
			buildConfigurationList = C01FCF4E08A954540054247B /* Build configuration list for PBXProject "Crow" */;
			compatibilityVersion = "Xcode 3.2";
			developmentRegion = English;
			hasScannedForEncodings = 1;
			knownRegions = (
				English,
				Japanese,
				French,
				German,
			);
			mainGroup = 29B97314FDCFA39411CA2CEA /* CustomTemplate */;
			productRefGroup = 33C3BAC312A06E1900976EFE /* Products */;
			projectDirPath = "";
			projectReferences = (
				{
					ProductGroup = 338C24F5133EBECF00C4740B /* Products */;
					ProjectRef = 338C24F4133EBECF00C4740B /* freetype.xcodeproj */;
				},
				{
					ProductGroup = 337F031112A87F74001376E7 /* Products */;
					ProjectRef = 337F031012A87F74001376E7 /* glsl-optimizer.xcodeproj */;
				},
				{
					ProductGroup = 339E09F71389C4F2004B5DC9 /* Products */;
					ProjectRef = 339E09F61389C4F2004B5DC9 /* libogg.xcodeproj */;
				},
				{
					ProductGroup = 339E0A691389C73C004B5DC9 /* Products */;
					ProjectRef = 339E0A681389C73C004B5DC9 /* libvorbis.xcodeproj */;
				},
				{
					ProductGroup = 337F031412A87F74001376E7 /* Products */;
					ProjectRef = 337F031312A87F74001376E7 /* Radiance.xcodeproj */;
				},
			);
			projectRoot = "";
			targets = (
				1D6058900D05DD3D006BFB54 /* CrowiPadDev */,
				3302582D132C768D0032AD96 /* CrowiPadGold */,
			);
		};
/* End PBXProject section */

/* Begin PBXReferenceProxy section */
		337F031B12A87F74001376E7 /* libglsl_optimizer.a */ = {
			isa = PBXReferenceProxy;
			fileType = archive.ar;
			path = libglsl_optimizer.a;
			remoteRef = 337F031A12A87F74001376E7 /* PBXContainerItemProxy */;
			sourceTree = BUILT_PRODUCTS_DIR;
		};
		337F032112A87F74001376E7 /* libRadiance.a */ = {
			isa = PBXReferenceProxy;
			fileType = archive.ar;
			path = libRadiance.a;
			remoteRef = 337F032012A87F74001376E7 /* PBXContainerItemProxy */;
			sourceTree = BUILT_PRODUCTS_DIR;
		};
		338C24FC133EBECF00C4740B /* libfreetype.a */ = {
			isa = PBXReferenceProxy;
			fileType = archive.ar;
			path = libfreetype.a;
			remoteRef = 338C24FB133EBECF00C4740B /* PBXContainerItemProxy */;
			sourceTree = BUILT_PRODUCTS_DIR;
		};
		339E09FE1389C4F2004B5DC9 /* liblibogg.a */ = {
			isa = PBXReferenceProxy;
			fileType = archive.ar;
			path = liblibogg.a;
			remoteRef = 339E09FD1389C4F2004B5DC9 /* PBXContainerItemProxy */;
			sourceTree = BUILT_PRODUCTS_DIR;
		};
		339E0A701389C73C004B5DC9 /* liblibvorbis.a */ = {
			isa = PBXReferenceProxy;
			fileType = archive.ar;
			path = liblibvorbis.a;
			remoteRef = 339E0A6F1389C73C004B5DC9 /* PBXContainerItemProxy */;
			sourceTree = BUILT_PRODUCTS_DIR;
		};
/* End PBXReferenceProxy section */

/* Begin PBXResourcesBuildPhase section */
		1D60588D0D05DD3D006BFB54 /* Resources */ = {
			isa = PBXResourcesBuildPhase;
			buildActionMask = 2147483647;
			files = (
				28AD733F0D9D9553002E5188 /* MainWindow.xib in Resources */,
				332C4BB5132B364E00E10CA2 /* autoexec.txt in Resources */,
				330257AD132C23540032AD96 /* Icon-72.png in Resources */,
				33519A1B132C890F000D4455 /* Base in Resources */,
			);
			runOnlyForDeploymentPostprocessing = 0;
		};
		3302582E132C768D0032AD96 /* Resources */ = {
			isa = PBXResourcesBuildPhase;
			buildActionMask = 2147483647;
			files = (
				3302582F132C768D0032AD96 /* MainWindow.xib in Resources */,
				33025831132C768D0032AD96 /* autoexec.txt in Resources */,
				33025832132C768D0032AD96 /* Icon-72.png in Resources */,
				33519A1C132C8915000D4455 /* Base in Resources */,
				3372DBAD13F4C1CC001F0E4D /* Default-Landscape~ipad.png in Resources */,
				3372DBAF13F4C1E8001F0E4D /* Default-Portrait~ipad.png in Resources */,
				3372DBB013F4C2C1001F0E4D /* Icon.png in Resources */,
				3372DBB213F4C314001F0E4D /* Icon-114.png in Resources */,
				3372DBB413F4C3D9001F0E4D /* Default.png in Resources */,
				3372DBB613F4C41B001F0E4D /* Default@2x.png in Resources */,
			);
			runOnlyForDeploymentPostprocessing = 0;
		};
/* End PBXResourcesBuildPhase section */

/* Begin PBXSourcesBuildPhase section */
		1D60588E0D05DD3D006BFB54 /* Sources */ = {
			isa = PBXSourcesBuildPhase;
			buildActionMask = 2147483647;
			files = (
				332EF5A312A1E943004F29C0 /* CrowGame.cpp in Sources */,
				332EF5A412A1E943004F29C0 /* G_Exports.cpp in Sources */,
				332EF5A612A1E943004F29C0 /* G_ViewController.cpp in Sources */,
				33F2DD7B13160636008217BC /* G_SkModel.cpp in Sources */,
				332C4194132AC86800E10CA2 /* CrowApp.cpp in Sources */,
				33BBC131134D75AB00458D52 /* G_ScreenView.cpp in Sources */,
				33277BA813501AE6005DBC1F /* G_ScreenPawn.cpp in Sources */,
				335A01FD136F4BD0007C6377 /* G_ScreenProjectile.cpp in Sources */,
			);
			runOnlyForDeploymentPostprocessing = 0;
		};
		33025833132C768D0032AD96 /* Sources */ = {
			isa = PBXSourcesBuildPhase;
			buildActionMask = 2147483647;
			files = (
				33025834132C768D0032AD96 /* CrowGame.cpp in Sources */,
				33025835132C768D0032AD96 /* G_Exports.cpp in Sources */,
				33025836132C768D0032AD96 /* G_ViewController.cpp in Sources */,
				33025837132C768D0032AD96 /* G_SkModel.cpp in Sources */,
				33025838132C768D0032AD96 /* CrowApp.cpp in Sources */,
				33BBC133134D75B400458D52 /* G_ScreenView.cpp in Sources */,
				33277BB913501D24005DBC1F /* G_ScreenPawn.cpp in Sources */,
				335A01FE136F4BD5007C6377 /* G_ScreenProjectile.cpp in Sources */,
			);
			runOnlyForDeploymentPostprocessing = 0;
		};
/* End PBXSourcesBuildPhase section */

/* Begin XCBuildConfiguration section */
		1D6058940D05DD3E006BFB54 /* Debug */ = {
			isa = XCBuildConfiguration;
			buildSettings = {
				ALWAYS_SEARCH_USER_PATHS = NO;
				COPY_PHASE_STRIP = NO;
				DEBUG_INFORMATION_FORMAT = dwarf;
				GCC_DYNAMIC_NO_PIC = NO;
				GCC_OPTIMIZATION_LEVEL = 0;
				GCC_PRECOMPILE_PREFIX_HEADER = YES;
				GCC_PREFIX_HEADER = Crow_Prefix.pch;
				"GCC_THUMB_SUPPORT[arch=armv6]" = "";
				INFOPLIST_FILE = CrowiPadDev.plist;
				LIBRARY_SEARCH_PATHS = "$(inherited)";
				ONLY_ACTIVE_ARCH = YES;
				PRODUCT_NAME = Crow;
				SDKROOT = iphoneos;
				TARGETED_DEVICE_FAMILY = "1,2";
				VALID_ARCHS = "armv6 armv7";
			};
			name = Debug;
		};
		1D6058950D05DD3E006BFB54 /* Developer */ = {
			isa = XCBuildConfiguration;
			buildSettings = {
				ALWAYS_SEARCH_USER_PATHS = NO;
				COPY_PHASE_STRIP = YES;
				GCC_PRECOMPILE_PREFIX_HEADER = YES;
				GCC_PREFIX_HEADER = Crow_Prefix.pch;
				"GCC_THUMB_SUPPORT[arch=armv6]" = "";
				INFOPLIST_FILE = CrowiPadDev.plist;
				LIBRARY_SEARCH_PATHS = "$(inherited)";
				PRODUCT_NAME = Crow;
				SDKROOT = iphoneos;
				TARGETED_DEVICE_FAMILY = "1,2";
				VALIDATE_PRODUCT = YES;
			};
			name = Developer;
		};
		33025841132C768D0032AD96 /* Debug */ = {
			isa = XCBuildConfiguration;
			buildSettings = {
				ALWAYS_SEARCH_USER_PATHS = NO;
				COPY_PHASE_STRIP = NO;
				DEBUG_INFORMATION_FORMAT = dwarf;
				GCC_DYNAMIC_NO_PIC = NO;
				GCC_OPTIMIZATION_LEVEL = 0;
				GCC_PRECOMPILE_PREFIX_HEADER = YES;
				GCC_PREFIX_HEADER = Crow_Prefix.pch;
				"GCC_THUMB_SUPPORT[arch=armv6]" = "";
				INFOPLIST_FILE = CrowiPadGold.plist;
				LIBRARY_SEARCH_PATHS = "$(inherited)";
				ONLY_ACTIVE_ARCH = YES;
				PRODUCT_NAME = Crow;
				SDKROOT = iphoneos;
				TARGETED_DEVICE_FAMILY = "1,2";
				VALID_ARCHS = "armv6 armv7";
			};
			name = Debug;
		};
		33025842132C768D0032AD96 /* Developer */ = {
			isa = XCBuildConfiguration;
			buildSettings = {
				ALWAYS_SEARCH_USER_PATHS = NO;
				COPY_PHASE_STRIP = YES;
				GCC_PRECOMPILE_PREFIX_HEADER = YES;
				GCC_PREFIX_HEADER = Crow_Prefix.pch;
				"GCC_THUMB_SUPPORT[arch=armv6]" = "";
				INFOPLIST_FILE = CrowiPadGold.plist;
				LIBRARY_SEARCH_PATHS = "$(inherited)";
				PRODUCT_NAME = Crow;
				SDKROOT = iphoneos;
				TARGETED_DEVICE_FAMILY = "1,2";
				VALIDATE_PRODUCT = YES;
			};
			name = Developer;
		};
		33025846132C770A0032AD96 /* Golden */ = {
			isa = XCBuildConfiguration;
			buildSettings = {
				ALWAYS_SEARCH_USER_PATHS = NO;
				ARCHS = "$(ARCHS_STANDARD_32_BIT)";
				"CODE_SIGN_IDENTITY[sdk=iphoneos*]" = "iPhone Developer";
				GCC_C_LANGUAGE_STANDARD = c99;
				GCC_INLINES_ARE_PRIVATE_EXTERN = NO;
				GCC_OPTIMIZATION_LEVEL = s;
				GCC_PREPROCESSOR_DEFINITIONS = (
					RAD_OPT_POSIXFILES,
					RAD_OPT_POSIXTHREADS,
					BOOST_ALL_NO_LIB,
					UNICODE,
					RADMATH_OPT_NO_REFLECTION,
					RAD_OPT_GL,
					RAD_TARGET_GOLDEN,
					RAD_OPT_CONSOLE,
					NDEBUG,
					_XOPEN_SOURCE,
				);
				GCC_SYMBOLS_PRIVATE_EXTERN = NO;
				GCC_THUMB_SUPPORT = NO;
				GCC_WARN_ABOUT_RETURN_TYPE = YES;
				GCC_WARN_UNUSED_VARIABLE = YES;
				HEADER_SEARCH_PATHS = (
					../../../Radiance/Source,
					../../../Radiance/Extern/boost/1.38.0,
					../../../Radiance/Extern/Lua/5.1.4,
					../../../Radiance/Extern/SDL/1.2,
					"../../../Radiance/Extern/libogg-1.2.2/include",
					"../../../Radiance/Extern/libvorbis-1.3.2/include",
				);
				LIBRARY_SEARCH_PATHS = "";
				OTHER_CFLAGS = "-DNS_BLOCK_ASSERTIONS=1";
				PREBINDING = NO;
				SDKROOT = iphoneos;
				TARGETED_DEVICE_FAMILY = "1,2";
				USE_HEADERMAP = NO;
			};
			name = Golden;
		};
		33025847132C770A0032AD96 /* Golden */ = {
			isa = XCBuildConfiguration;
			buildSettings = {
				ALWAYS_SEARCH_USER_PATHS = NO;
				COPY_PHASE_STRIP = YES;
				GCC_PRECOMPILE_PREFIX_HEADER = YES;
				GCC_PREFIX_HEADER = Crow_Prefix.pch;
				"GCC_THUMB_SUPPORT[arch=armv6]" = "";
				INFOPLIST_FILE = CrowiPadDev.plist;
				LIBRARY_SEARCH_PATHS = "$(inherited)";
				PRODUCT_NAME = Crow;
				SDKROOT = iphoneos;
				TARGETED_DEVICE_FAMILY = "1,2";
				VALIDATE_PRODUCT = YES;
			};
			name = Golden;
		};
		33025848132C770A0032AD96 /* Golden */ = {
			isa = XCBuildConfiguration;
			buildSettings = {
				ALWAYS_SEARCH_USER_PATHS = NO;
				COPY_PHASE_STRIP = YES;
				GCC_PRECOMPILE_PREFIX_HEADER = YES;
				GCC_PREFIX_HEADER = Crow_Prefix.pch;
				"GCC_THUMB_SUPPORT[arch=armv6]" = "";
				INFOPLIST_FILE = CrowiPadGold.plist;
				LIBRARY_SEARCH_PATHS = "$(inherited)";
				PRODUCT_NAME = Crow;
				SDKROOT = iphoneos;
				TARGETED_DEVICE_FAMILY = "1,2";
				VALIDATE_PRODUCT = YES;
			};
			name = Golden;
		};
		33E7443913E276BC005E25B8 /* AdHoc */ = {
			isa = XCBuildConfiguration;
			buildSettings = {
				ALWAYS_SEARCH_USER_PATHS = NO;
				ARCHS = "$(ARCHS_STANDARD_32_BIT)";
				CODE_SIGN_ENTITLEMENTS = "";
				"CODE_SIGN_IDENTITY[sdk=iphoneos*]" = "iPhone Distribution";
				GCC_C_LANGUAGE_STANDARD = c99;
				GCC_INLINES_ARE_PRIVATE_EXTERN = NO;
				GCC_OPTIMIZATION_LEVEL = s;
				GCC_PREPROCESSOR_DEFINITIONS = (
					RAD_OPT_POSIXFILES,
					RAD_OPT_POSIXTHREADS,
					BOOST_ALL_NO_LIB,
					UNICODE,
					RADMATH_OPT_NO_REFLECTION,
					RAD_OPT_GL,
					RAD_TARGET_GOLDEN,
					RAD_OPT_CONSOLE,
					NDEBUG,
					_XOPEN_SOURCE,
				);
				GCC_SYMBOLS_PRIVATE_EXTERN = NO;
				GCC_THUMB_SUPPORT = NO;
				GCC_WARN_ABOUT_RETURN_TYPE = YES;
				GCC_WARN_UNUSED_VARIABLE = YES;
				HEADER_SEARCH_PATHS = (
					../../../Radiance/Source,
					../../../Radiance/Extern/boost/1.38.0,
					../../../Radiance/Extern/Lua/5.1.4,
					../../../Radiance/Extern/SDL/1.2,
					"../../../Radiance/Extern/libogg-1.2.2/include",
					"../../../Radiance/Extern/libvorbis-1.3.2/include",
				);
				LIBRARY_SEARCH_PATHS = "";
				OTHER_CFLAGS = "-DNS_BLOCK_ASSERTIONS=1";
				PREBINDING = NO;
				"PROVISIONING_PROFILE[sdk=iphoneos*]" = "";
				SDKROOT = iphoneos;
				TARGETED_DEVICE_FAMILY = "1,2";
				USE_HEADERMAP = NO;
			};
			name = AdHoc;
		};
		33E7443A13E276BC005E25B8 /* AdHoc */ = {
			isa = XCBuildConfiguration;
			buildSettings = {
				ALWAYS_SEARCH_USER_PATHS = NO;
				COPY_PHASE_STRIP = YES;
				GCC_PRECOMPILE_PREFIX_HEADER = YES;
				GCC_PREFIX_HEADER = Crow_Prefix.pch;
				"GCC_THUMB_SUPPORT[arch=armv6]" = "";
				INFOPLIST_FILE = CrowiPadDev.plist;
				LIBRARY_SEARCH_PATHS = "$(inherited)";
				PRODUCT_NAME = Crow;
				SDKROOT = iphoneos;
				TARGETED_DEVICE_FAMILY = "1,2";
				VALIDATE_PRODUCT = YES;
			};
			name = AdHoc;
		};
		33E7443B13E276BC005E25B8 /* AdHoc */ = {
			isa = XCBuildConfiguration;
			buildSettings = {
				ALWAYS_SEARCH_USER_PATHS = NO;
				COPY_PHASE_STRIP = YES;
				GCC_PRECOMPILE_PREFIX_HEADER = YES;
				GCC_PREFIX_HEADER = Crow_Prefix.pch;
				"GCC_THUMB_SUPPORT[arch=armv6]" = "";
				INFOPLIST_FILE = CrowiPadGold.plist;
				LIBRARY_SEARCH_PATHS = "$(inherited)";
				PRODUCT_NAME = Crow;
				SDKROOT = iphoneos;
				TARGETED_DEVICE_FAMILY = "1,2";
				VALIDATE_PRODUCT = YES;
			};
			name = AdHoc;
		};
		C01FCF4F08A954540054247B /* Debug */ = {
			isa = XCBuildConfiguration;
			buildSettings = {
				ALWAYS_SEARCH_USER_PATHS = NO;
				ARCHS = "$(ARCHS_STANDARD_32_BIT)";
				"CODE_SIGN_IDENTITY[sdk=iphoneos*]" = "iPhone Developer";
				GCC_C_LANGUAGE_STANDARD = c99;
				GCC_INLINES_ARE_PRIVATE_EXTERN = NO;
				GCC_OPTIMIZATION_LEVEL = 0;
				GCC_PREPROCESSOR_DEFINITIONS = (
					RAD_OPT_POSIXFILES,
					RAD_OPT_POSIXTHREADS,
					BOOST_ALL_NO_LIB,
					UNICODE,
					RADMATH_OPT_NO_REFLECTION,
					RAD_OPT_TOOLS,
					RAD_OPT_GL,
					RAD_TARGET_DEBUG,
					RAD_OPT_CONSOLE,
					_DEBUG,
					DEBUG,
					_XOPEN_SOURCE,
				);
				GCC_SYMBOLS_PRIVATE_EXTERN = NO;
				GCC_THUMB_SUPPORT = NO;
				GCC_WARN_ABOUT_RETURN_TYPE = YES;
				GCC_WARN_UNUSED_VARIABLE = YES;
				HEADER_SEARCH_PATHS = (
					../../../Radiance/Source,
					../../../Radiance/Extern/boost/1.38.0,
					../../../Radiance/Extern/Lua/5.1.4,
					../../../Radiance/Extern/SDL/1.2,
					"../../../Radiance/Extern/libogg-1.2.2/include",
					"../../../Radiance/Extern/libvorbis-1.3.2/include",
				);
				INFOPLIST_FILE = "";
				LIBRARY_SEARCH_PATHS = "";
				PREBINDING = NO;
				SDKROOT = iphoneos;
				TARGETED_DEVICE_FAMILY = "1,2";
			};
			name = Debug;
		};
		C01FCF5008A954540054247B /* Developer */ = {
			isa = XCBuildConfiguration;
			buildSettings = {
				ALWAYS_SEARCH_USER_PATHS = NO;
				ARCHS = "$(ARCHS_STANDARD_32_BIT)";
				"CODE_SIGN_IDENTITY[sdk=iphoneos*]" = "iPhone Developer";
				GCC_C_LANGUAGE_STANDARD = c99;
				GCC_INLINES_ARE_PRIVATE_EXTERN = NO;
				GCC_OPTIMIZATION_LEVEL = s;
				GCC_PREPROCESSOR_DEFINITIONS = (
					RAD_OPT_POSIXFILES,
					RAD_OPT_POSIXTHREADS,
					BOOST_ALL_NO_LIB,
					UNICODE,
					RADMATH_OPT_NO_REFLECTION,
					RAD_OPT_TOOLS,
					RAD_OPT_GL,
					RAD_TARGET_DEVELOPER,
					RAD_OPT_CONSOLE,
					NDEBUG,
					_XOPEN_SOURCE,
				);
				GCC_SYMBOLS_PRIVATE_EXTERN = NO;
				GCC_THUMB_SUPPORT = NO;
				GCC_WARN_ABOUT_RETURN_TYPE = YES;
				GCC_WARN_UNUSED_VARIABLE = YES;
				HEADER_SEARCH_PATHS = (
					../../../Radiance/Source,
					../../../Radiance/Extern/boost/1.38.0,
					../../../Radiance/Extern/Lua/5.1.4,
					../../../Radiance/Extern/SDL/1.2,
					"../../../Radiance/Extern/libogg-1.2.2/include",
					"../../../Radiance/Extern/libvorbis-1.3.2/include",
				);
				LIBRARY_SEARCH_PATHS = "";
				OTHER_CFLAGS = "-DNS_BLOCK_ASSERTIONS=1";
				PREBINDING = NO;
				SDKROOT = iphoneos;
				TARGETED_DEVICE_FAMILY = "1,2";
				USE_HEADERMAP = NO;
			};
			name = Developer;
		};
/* End XCBuildConfiguration section */

/* Begin XCConfigurationList section */
		1D6058960D05DD3E006BFB54 /* Build configuration list for PBXNativeTarget "CrowiPadDev" */ = {
			isa = XCConfigurationList;
			buildConfigurations = (
				1D6058940D05DD3E006BFB54 /* Debug */,
				1D6058950D05DD3E006BFB54 /* Developer */,
				33025847132C770A0032AD96 /* Golden */,
				33E7443A13E276BC005E25B8 /* AdHoc */,
			);
			defaultConfigurationIsVisible = 0;
			defaultConfigurationName = Golden;
		};
		33025840132C768D0032AD96 /* Build configuration list for PBXNativeTarget "CrowiPadGold" */ = {
			isa = XCConfigurationList;
			buildConfigurations = (
				33025841132C768D0032AD96 /* Debug */,
				33025842132C768D0032AD96 /* Developer */,
				33025848132C770A0032AD96 /* Golden */,
				33E7443B13E276BC005E25B8 /* AdHoc */,
			);
			defaultConfigurationIsVisible = 0;
			defaultConfigurationName = Golden;
		};
		C01FCF4E08A954540054247B /* Build configuration list for PBXProject "Crow" */ = {
			isa = XCConfigurationList;
			buildConfigurations = (
				C01FCF4F08A954540054247B /* Debug */,
				C01FCF5008A954540054247B /* Developer */,
				33025846132C770A0032AD96 /* Golden */,
				33E7443913E276BC005E25B8 /* AdHoc */,
			);
			defaultConfigurationIsVisible = 0;
			defaultConfigurationName = Golden;
		};
/* End XCConfigurationList section */
	};
	rootObject = 29B97313FDCFA39411CA2CEA /* Project object */;
}
