
Microsoft Visual Studio Solution File, Format Version 9.00
# Visual Studio 2005
Project("{8BC9CEB8-8B4A-11D0-8D11-00A0C91BC942}") = "Radiance", "..\..\Radiance\Source\VS8Projects\Radiance.vcproj", "{EED5D9C2-121C-4AE9-B82C-17CBCEBC9BAB}"
EndProject
Project("{8BC9CEB8-8B4A-11D0-8D11-00A0C91BC942}") = "Crow", "Crow.vcproj", "{63E6F49A-4BD0-4C11-91BF-9E738642414E}"
EndProject
Global
	GlobalSection(SolutionConfigurationPlatforms) = preSolution
		Debug|Win32 = Debug|Win32
		Release|Win32 = Release|Win32
	EndGlobalSection
	GlobalSection(ProjectConfigurationPlatforms) = postSolution
		{EED5D9C2-121C-4AE9-B82C-17CBCEBC9BAB}.Debug|Win32.ActiveCfg = Debug|Win32
		{EED5D9C2-121C-4AE9-B82C-17CBCEBC9BAB}.Debug|Win32.Build.0 = Debug|Win32
		{EED5D9C2-121C-4AE9-B82C-17CBCEBC9BAB}.Release|Win32.ActiveCfg = Release|Win32
		{EED5D9C2-121C-4AE9-B82C-17CBCEBC9BAB}.Release|Win32.Build.0 = Release|Win32
		{63E6F49A-4BD0-4C11-91BF-9E738642414E}.Debug|Win32.ActiveCfg = Debug|Win32
		{63E6F49A-4BD0-4C11-91BF-9E738642414E}.Debug|Win32.Build.0 = Debug|Win32
		{63E6F49A-4BD0-4C11-91BF-9E738642414E}.Release|Win32.ActiveCfg = Release|Win32
		{63E6F49A-4BD0-4C11-91BF-9E738642414E}.Release|Win32.Build.0 = Release|Win32
	EndGlobalSection
	GlobalSection(SolutionProperties) = preSolution
		HideSolutionNode = FALSE
	EndGlobalSection
EndGlobal
